// !$*UTF8*$!
{
	archiveVersion = 1;
	classes = {
	};
	objectVersion = 46;
	objects = {

/* Begin PBXBuildFile section */
		0409EEE91E854E7F00DB2596 /* AppDelegate.swift in Sources */ = {isa = PBXBuildFile; fileRef = 0409EEE81E854E7F00DB2596 /* AppDelegate.swift */; };
		0409EEEE1E854E7F00DB2596 /* Main.storyboard in Resources */ = {isa = PBXBuildFile; fileRef = 0409EEEC1E854E7F00DB2596 /* Main.storyboard */; };
		0409EEF31E854E7F00DB2596 /* LaunchScreen.storyboard in Resources */ = {isa = PBXBuildFile; fileRef = 0409EEF11E854E7F00DB2596 /* LaunchScreen.storyboard */; };
		04B512721EA7004B00E986A0 /* libsqlite3.0.tbd in Frameworks */ = {isa = PBXBuildFile; fileRef = 04B512711EA7004B00E986A0 /* libsqlite3.0.tbd */; };
		04B512741EA7024900E986A0 /* libsqlite3.tbd in Frameworks */ = {isa = PBXBuildFile; fileRef = 04B512731EA7024900E986A0 /* libsqlite3.tbd */; };
		183500181F9EDB32001F5799 /* icon2-120.png in Resources */ = {isa = PBXBuildFile; fileRef = 1835FFE61F9EDB31001F5799 /* icon2-120.png */; };
		183500191F9EDB32001F5799 /* icon2-180.png in Resources */ = {isa = PBXBuildFile; fileRef = 1835FFE71F9EDB31001F5799 /* icon2-180.png */; };
		1835001A1F9EDB32001F5799 /* icon2-58.png in Resources */ = {isa = PBXBuildFile; fileRef = 1835FFE81F9EDB31001F5799 /* icon2-58.png */; };
		1835001B1F9EDB32001F5799 /* icon2-80.png in Resources */ = {isa = PBXBuildFile; fileRef = 1835FFE91F9EDB31001F5799 /* icon2-80.png */; };
		1835001C1F9EDB32001F5799 /* icon2-87.png in Resources */ = {isa = PBXBuildFile; fileRef = 1835FFEA1F9EDB31001F5799 /* icon2-87.png */; };
		1835001D1F9EDB32001F5799 /* PBG1.png in Resources */ = {isa = PBXBuildFile; fileRef = 1835FFEB1F9EDB31001F5799 /* PBG1.png */; };
		1835001E1F9EDB32001F5799 /* PBG10.png in Resources */ = {isa = PBXBuildFile; fileRef = 1835FFEC1F9EDB31001F5799 /* PBG10.png */; };
		1835001F1F9EDB32001F5799 /* PBG11.png in Resources */ = {isa = PBXBuildFile; fileRef = 1835FFED1F9EDB31001F5799 /* PBG11.png */; };
		183500201F9EDB32001F5799 /* PBG12.png in Resources */ = {isa = PBXBuildFile; fileRef = 1835FFEE1F9EDB31001F5799 /* PBG12.png */; };
		183500211F9EDB32001F5799 /* PBG13.png in Resources */ = {isa = PBXBuildFile; fileRef = 1835FFEF1F9EDB31001F5799 /* PBG13.png */; };
		183500221F9EDB32001F5799 /* PBG14.png in Resources */ = {isa = PBXBuildFile; fileRef = 1835FFF01F9EDB31001F5799 /* PBG14.png */; };
		183500231F9EDB32001F5799 /* PBG15.png in Resources */ = {isa = PBXBuildFile; fileRef = 1835FFF11F9EDB31001F5799 /* PBG15.png */; };
		183500241F9EDB32001F5799 /* PBG16.png in Resources */ = {isa = PBXBuildFile; fileRef = 1835FFF21F9EDB31001F5799 /* PBG16.png */; };
		183500251F9EDB32001F5799 /* PBG17.png in Resources */ = {isa = PBXBuildFile; fileRef = 1835FFF31F9EDB31001F5799 /* PBG17.png */; };
		183500261F9EDB32001F5799 /* PBG18.png in Resources */ = {isa = PBXBuildFile; fileRef = 1835FFF41F9EDB31001F5799 /* PBG18.png */; };
		183500271F9EDB32001F5799 /* PBG2.png in Resources */ = {isa = PBXBuildFile; fileRef = 1835FFF51F9EDB31001F5799 /* PBG2.png */; };
		183500281F9EDB32001F5799 /* PBG3.png in Resources */ = {isa = PBXBuildFile; fileRef = 1835FFF61F9EDB31001F5799 /* PBG3.png */; };
		183500291F9EDB32001F5799 /* PBG4.png in Resources */ = {isa = PBXBuildFile; fileRef = 1835FFF71F9EDB31001F5799 /* PBG4.png */; };
		1835002A1F9EDB32001F5799 /* PBG5.png in Resources */ = {isa = PBXBuildFile; fileRef = 1835FFF81F9EDB31001F5799 /* PBG5.png */; };
		1835002B1F9EDB32001F5799 /* PBG6.png in Resources */ = {isa = PBXBuildFile; fileRef = 1835FFF91F9EDB31001F5799 /* PBG6.png */; };
		1835002C1F9EDB32001F5799 /* PBG7.png in Resources */ = {isa = PBXBuildFile; fileRef = 1835FFFA1F9EDB31001F5799 /* PBG7.png */; };
		1835002D1F9EDB32001F5799 /* PBG8.png in Resources */ = {isa = PBXBuildFile; fileRef = 1835FFFB1F9EDB31001F5799 /* PBG8.png */; };
		1835002E1F9EDB32001F5799 /* PBG9.png in Resources */ = {isa = PBXBuildFile; fileRef = 1835FFFC1F9EDB31001F5799 /* PBG9.png */; };
		1835002F1F9EDB32001F5799 /* poemsentence.db in Resources */ = {isa = PBXBuildFile; fileRef = 1835FFFD1F9EDB31001F5799 /* poemsentence.db */; };
		183500301F9EDB32001F5799 /* 删除印章.png in Resources */ = {isa = PBXBuildFile; fileRef = 1835FFFE1F9EDB31001F5799 /* 删除印章.png */; };
		183500311F9EDB32001F5799 /* 启动页1x.png in Resources */ = {isa = PBXBuildFile; fileRef = 1835FFFF1F9EDB31001F5799 /* 启动页1x.png */; };
		183500321F9EDB32001F5799 /* 启动页2x.png in Resources */ = {isa = PBXBuildFile; fileRef = 183500001F9EDB31001F5799 /* 启动页2x.png */; };
		183500331F9EDB32001F5799 /* 启动页4.7.png in Resources */ = {isa = PBXBuildFile; fileRef = 183500011F9EDB31001F5799 /* 启动页4.7.png */; };
		183500341F9EDB32001F5799 /* 启动页5.5.png in Resources */ = {isa = PBXBuildFile; fileRef = 183500021F9EDB31001F5799 /* 启动页5.5.png */; };
		183500351F9EDB32001F5799 /* 启动页retina4.png in Resources */ = {isa = PBXBuildFile; fileRef = 183500031F9EDB31001F5799 /* 启动页retina4.png */; };
		183500361F9EDB32001F5799 /* 引导页1.png in Resources */ = {isa = PBXBuildFile; fileRef = 183500041F9EDB31001F5799 /* 引导页1.png */; };
		183500371F9EDB32001F5799 /* 引导页2.png in Resources */ = {isa = PBXBuildFile; fileRef = 183500051F9EDB31001F5799 /* 引导页2.png */; };
		183500381F9EDB32001F5799 /* 引导页3.png in Resources */ = {isa = PBXBuildFile; fileRef = 183500061F9EDB31001F5799 /* 引导页3.png */; };
		183500391F9EDB32001F5799 /* 引导页4.png in Resources */ = {isa = PBXBuildFile; fileRef = 183500071F9EDB31001F5799 /* 引导页4.png */; };
		1835003A1F9EDB32001F5799 /* 引导页5.png in Resources */ = {isa = PBXBuildFile; fileRef = 183500081F9EDB31001F5799 /* 引导页5.png */; };
		1835003B1F9EDB32001F5799 /* 拼诗按钮.png in Resources */ = {isa = PBXBuildFile; fileRef = 183500091F9EDB31001F5799 /* 拼诗按钮.png */; };
		1835003C1F9EDB32001F5799 /* 按删印章.png in Resources */ = {isa = PBXBuildFile; fileRef = 1835000A1F9EDB31001F5799 /* 按删印章.png */; };
		1835003D1F9EDB32001F5799 /* 按空印章.png in Resources */ = {isa = PBXBuildFile; fileRef = 1835000B1F9EDB31001F5799 /* 按空印章.png */; };
		1835003E1F9EDB32001F5799 /* 按诵印章.png in Resources */ = {isa = PBXBuildFile; fileRef = 1835000C1F9EDB31001F5799 /* 按诵印章.png */; };
		1835003F1F9EDB32001F5799 /* 方正清刻本悦宋简体.ttf in Resources */ = {isa = PBXBuildFile; fileRef = 1835000D1F9EDB31001F5799 /* 方正清刻本悦宋简体.ttf */; };
		183500401F9EDB32001F5799 /* 检验.png in Resources */ = {isa = PBXBuildFile; fileRef = 1835000E1F9EDB31001F5799 /* 检验.png */; };
		183500411F9EDB32001F5799 /* 检验2.png in Resources */ = {isa = PBXBuildFile; fileRef = 1835000F1F9EDB31001F5799 /* 检验2.png */; };
		183500421F9EDB32001F5799 /* 正确.png in Resources */ = {isa = PBXBuildFile; fileRef = 183500101F9EDB31001F5799 /* 正确.png */; };
		183500431F9EDB32001F5799 /* 注册.png in Resources */ = {isa = PBXBuildFile; fileRef = 183500111F9EDB31001F5799 /* 注册.png */; };
		183500441F9EDB32001F5799 /* 注册按钮.png in Resources */ = {isa = PBXBuildFile; fileRef = 183500121F9EDB31001F5799 /* 注册按钮.png */; };
		183500451F9EDB32001F5799 /* 清空印章.png in Resources */ = {isa = PBXBuildFile; fileRef = 183500131F9EDB31001F5799 /* 清空印章.png */; };
		183500461F9EDB32001F5799 /* 登录.png in Resources */ = {isa = PBXBuildFile; fileRef = 183500141F9EDB31001F5799 /* 登录.png */; };
		183500471F9EDB32001F5799 /* 登录按钮.png in Resources */ = {isa = PBXBuildFile; fileRef = 183500151F9EDB31001F5799 /* 登录按钮.png */; };
		183500481F9EDB32001F5799 /* 诵印章.png in Resources */ = {isa = PBXBuildFile; fileRef = 183500161F9EDB31001F5799 /* 诵印章.png */; };
		183500491F9EDB32001F5799 /* 错误.png in Resources */ = {isa = PBXBuildFile; fileRef = 183500171F9EDB31001F5799 /* 错误.png */; };
		183C47241F9E39620007D4F6 /* BG.png in Resources */ = {isa = PBXBuildFile; fileRef = 183C46A01F9E39610007D4F6 /* BG.png */; };
		183C47251F9E39620007D4F6 /* BGView1.png in Resources */ = {isa = PBXBuildFile; fileRef = 183C46A11F9E39610007D4F6 /* BGView1.png */; };
		183C47261F9E39620007D4F6 /* comment.png in Resources */ = {isa = PBXBuildFile; fileRef = 183C46A21F9E39610007D4F6 /* comment.png */; };
		183C47271F9E39620007D4F6 /* defaultAvatar.jpg in Resources */ = {isa = PBXBuildFile; fileRef = 183C46A31F9E39610007D4F6 /* defaultAvatar.jpg */; };
		183C47281F9E39620007D4F6 /* idle.png in Resources */ = {isa = PBXBuildFile; fileRef = 183C46A41F9E39610007D4F6 /* idle.png */; };
		183C47291F9E39620007D4F6 /* noPoint.png in Resources */ = {isa = PBXBuildFile; fileRef = 183C46A51F9E39610007D4F6 /* noPoint.png */; };
		183C472A1F9E39620007D4F6 /* point.png in Resources */ = {isa = PBXBuildFile; fileRef = 183C46A61F9E39610007D4F6 /* point.png */; };
		183C472B1F9E39620007D4F6 /* Rectangle 3.png in Resources */ = {isa = PBXBuildFile; fileRef = 183C46A71F9E39610007D4F6 /* Rectangle 3.png */; };
		183C472C1F9E39620007D4F6 /* 一.png in Resources */ = {isa = PBXBuildFile; fileRef = 183C46A81F9E39610007D4F6 /* 一.png */; };
		183C472D1F9E39620007D4F6 /* 二.png in Resources */ = {isa = PBXBuildFile; fileRef = 183C46A91F9E39610007D4F6 /* 二.png */; };
		183C472E1F9E39620007D4F6 /* 全文未选中.png in Resources */ = {isa = PBXBuildFile; fileRef = 183C46AA1F9E39610007D4F6 /* 全文未选中.png */; };
		183C472F1F9E39620007D4F6 /* 全文选中.png in Resources */ = {isa = PBXBuildFile; fileRef = 183C46AB1F9E39610007D4F6 /* 全文选中.png */; };
		183C47301F9E39620007D4F6 /* 冬.png in Resources */ = {isa = PBXBuildFile; fileRef = 183C46AC1F9E39610007D4F6 /* 冬.png */; };
		183C47311F9E39620007D4F6 /* 冬至.png in Resources */ = {isa = PBXBuildFile; fileRef = 183C46AD1F9E39610007D4F6 /* 冬至.png */; };
		183C47321F9E39620007D4F6 /* 印章.png in Resources */ = {isa = PBXBuildFile; fileRef = 183C46AE1F9E39610007D4F6 /* 印章.png */; };
		183C47331F9E39620007D4F6 /* 向右.png in Resources */ = {isa = PBXBuildFile; fileRef = 183C46AF1F9E39610007D4F6 /* 向右.png */; };
		183C47341F9E39620007D4F6 /* 向左.png in Resources */ = {isa = PBXBuildFile; fileRef = 183C46B01F9E39610007D4F6 /* 向左.png */; };
		183C47351F9E39620007D4F6 /* 处暑.png in Resources */ = {isa = PBXBuildFile; fileRef = 183C46B11F9E39610007D4F6 /* 处暑.png */; };
		183C47361F9E39620007D4F6 /* 夏.png in Resources */ = {isa = PBXBuildFile; fileRef = 183C46B21F9E39610007D4F6 /* 夏.png */; };
		183C47371F9E39620007D4F6 /* 夏至.png in Resources */ = {isa = PBXBuildFile; fileRef = 183C46B31F9E39610007D4F6 /* 夏至.png */; };
		183C47381F9E39620007D4F6 /* 大寒.png in Resources */ = {isa = PBXBuildFile; fileRef = 183C46B41F9E39610007D4F6 /* 大寒.png */; };
		183C47391F9E39620007D4F6 /* 大暑.png in Resources */ = {isa = PBXBuildFile; fileRef = 183C46B51F9E39610007D4F6 /* 大暑.png */; };
		183C473A1F9E39620007D4F6 /* 大雪.png in Resources */ = {isa = PBXBuildFile; fileRef = 183C46B61F9E39610007D4F6 /* 大雪.png */; };
		183C473B1F9E39620007D4F6 /* 寒露.png in Resources */ = {isa = PBXBuildFile; fileRef = 183C46B71F9E39610007D4F6 /* 寒露.png */; };
		183C473C1F9E39620007D4F6 /* 小寒.png in Resources */ = {isa = PBXBuildFile; fileRef = 183C46B81F9E39610007D4F6 /* 小寒.png */; };
		183C473D1F9E39620007D4F6 /* 小暑.png in Resources */ = {isa = PBXBuildFile; fileRef = 183C46B91F9E39610007D4F6 /* 小暑.png */; };
		183C473E1F9E39620007D4F6 /* 小满.png in Resources */ = {isa = PBXBuildFile; fileRef = 183C46BA1F9E39610007D4F6 /* 小满.png */; };
		183C473F1F9E39620007D4F6 /* 小雪.png in Resources */ = {isa = PBXBuildFile; fileRef = 183C46BB1F9E39610007D4F6 /* 小雪.png */; };
		183C47401F9E39620007D4F6 /* 帘子右.png in Resources */ = {isa = PBXBuildFile; fileRef = 183C46BC1F9E39610007D4F6 /* 帘子右.png */; };
		183C47411F9E39620007D4F6 /* 帘子左.png in Resources */ = {isa = PBXBuildFile; fileRef = 183C46BD1F9E39610007D4F6 /* 帘子左.png */; };
		183C47421F9E39620007D4F6 /* 康熙字典體(Demo).ttf in Resources */ = {isa = PBXBuildFile; fileRef = 183C46BE1F9E39610007D4F6 /* 康熙字典體(Demo).ttf */; };
		183C47431F9E39620007D4F6 /* 惊蛰.png in Resources */ = {isa = PBXBuildFile; fileRef = 183C46BF1F9E39610007D4F6 /* 惊蛰.png */; };
		183C47441F9E39620007D4F6 /* 方正清刻本悦宋简体.ttf in Resources */ = {isa = PBXBuildFile; fileRef = 183C46C01F9E39610007D4F6 /* 方正清刻本悦宋简体.ttf */; };
		183C47451F9E39620007D4F6 /* 方正苏新诗柳楷繁体.ttf in Resources */ = {isa = PBXBuildFile; fileRef = 183C46C11F9E39610007D4F6 /* 方正苏新诗柳楷繁体.ttf */; };
		183C47461F9E39620007D4F6 /* 春.png in Resources */ = {isa = PBXBuildFile; fileRef = 183C46C21F9E39610007D4F6 /* 春.png */; };
		183C47471F9E39620007D4F6 /* 春分.png in Resources */ = {isa = PBXBuildFile; fileRef = 183C46C31F9E39610007D4F6 /* 春分.png */; };
		183C47481F9E39620007D4F6 /* 未解锁.png in Resources */ = {isa = PBXBuildFile; fileRef = 183C46C41F9E39610007D4F6 /* 未解锁.png */; };
		183C47491F9E39620007D4F6 /* 清明.png in Resources */ = {isa = PBXBuildFile; fileRef = 183C46C51F9E39610007D4F6 /* 清明.png */; };
		183C474A1F9E39620007D4F6 /* 白露.png in Resources */ = {isa = PBXBuildFile; fileRef = 183C46C61F9E39610007D4F6 /* 白露.png */; };
		183C474B1F9E39620007D4F6 /* 秋.png in Resources */ = {isa = PBXBuildFile; fileRef = 183C46C71F9E39610007D4F6 /* 秋.png */; };
		183C474C1F9E39620007D4F6 /* 秋分.png in Resources */ = {isa = PBXBuildFile; fileRef = 183C46C81F9E39610007D4F6 /* 秋分.png */; };
		183C474D1F9E39620007D4F6 /* 立冬.png in Resources */ = {isa = PBXBuildFile; fileRef = 183C46C91F9E39610007D4F6 /* 立冬.png */; };
		183C474E1F9E39620007D4F6 /* 立夏.png in Resources */ = {isa = PBXBuildFile; fileRef = 183C46CA1F9E39610007D4F6 /* 立夏.png */; };
		183C474F1F9E39620007D4F6 /* 立春.png in Resources */ = {isa = PBXBuildFile; fileRef = 183C46CB1F9E39610007D4F6 /* 立春.png */; };
		183C47501F9E39620007D4F6 /* 立秋.png in Resources */ = {isa = PBXBuildFile; fileRef = 183C46CC1F9E39610007D4F6 /* 立秋.png */; };
		183C47511F9E39620007D4F6 /* 芒种.png in Resources */ = {isa = PBXBuildFile; fileRef = 183C46CD1F9E39610007D4F6 /* 芒种.png */; };
		183C47521F9E39620007D4F6 /* 译文未选中.png in Resources */ = {isa = PBXBuildFile; fileRef = 183C46CE1F9E39610007D4F6 /* 译文未选中.png */; };
		183C47531F9E39620007D4F6 /* 译文选中.png in Resources */ = {isa = PBXBuildFile; fileRef = 183C46CF1F9E39610007D4F6 /* 译文选中.png */; };
		183C47541F9E39620007D4F6 /* 谷雨.png in Resources */ = {isa = PBXBuildFile; fileRef = 183C46D01F9E39610007D4F6 /* 谷雨.png */; };
		183C47551F9E39620007D4F6 /* 赏析未选中.png in Resources */ = {isa = PBXBuildFile; fileRef = 183C46D11F9E39610007D4F6 /* 赏析未选中.png */; };
		183C47561F9E39620007D4F6 /* 赏析选中.png in Resources */ = {isa = PBXBuildFile; fileRef = 183C46D21F9E39610007D4F6 /* 赏析选中.png */; };
		183C47571F9E39620007D4F6 /* 返回主界面未选中.png in Resources */ = {isa = PBXBuildFile; fileRef = 183C46D31F9E39610007D4F6 /* 返回主界面未选中.png */; };
		183C47581F9E39620007D4F6 /* 返回主界面选中.png in Resources */ = {isa = PBXBuildFile; fileRef = 183C46D41F9E39610007D4F6 /* 返回主界面选中.png */; };
		183C47591F9E39620007D4F6 /* 雨水.png in Resources */ = {isa = PBXBuildFile; fileRef = 183C46D51F9E39610007D4F6 /* 雨水.png */; };
		183C475A1F9E39620007D4F6 /* 霜降.png in Resources */ = {isa = PBXBuildFile; fileRef = 183C46D61F9E39610007D4F6 /* 霜降.png */; };
		183C475B1F9E39620007D4F6 /* commentTableViewCell.swift in Sources */ = {isa = PBXBuildFile; fileRef = 183C46D81F9E39620007D4F6 /* commentTableViewCell.swift */; };
		183C475C1F9E39620007D4F6 /* commentViewController.swift in Sources */ = {isa = PBXBuildFile; fileRef = 183C46D91F9E39620007D4F6 /* commentViewController.swift */; };
		183C475D1F9E39620007D4F6 /* entranceViewController.swift in Sources */ = {isa = PBXBuildFile; fileRef = 183C46DA1F9E39620007D4F6 /* entranceViewController.swift */; };
		183C475E1F9E39620007D4F6 /* explainViewController.swift in Sources */ = {isa = PBXBuildFile; fileRef = 183C46DB1F9E39620007D4F6 /* explainViewController.swift */; };
		183C475F1F9E39620007D4F6 /* GuideViewController.swift in Sources */ = {isa = PBXBuildFile; fileRef = 183C46DC1F9E39620007D4F6 /* GuideViewController.swift */; };
		183C47601F9E39620007D4F6 /* informationViewController.swift in Sources */ = {isa = PBXBuildFile; fileRef = 183C46DD1F9E39620007D4F6 /* informationViewController.swift */; };
		183C47611F9E39620007D4F6 /* LevelsViewController.swift in Sources */ = {isa = PBXBuildFile; fileRef = 183C46DE1F9E39620007D4F6 /* LevelsViewController.swift */; };
		183C47621F9E39620007D4F6 /* loginViewController.swift in Sources */ = {isa = PBXBuildFile; fileRef = 183C46DF1F9E39620007D4F6 /* loginViewController.swift */; };
		183C47631F9E39620007D4F6 /* registerViewController.swift in Sources */ = {isa = PBXBuildFile; fileRef = 183C46E01F9E39620007D4F6 /* registerViewController.swift */; };
		183C47641F9E39620007D4F6 /* searchViewController.swift in Sources */ = {isa = PBXBuildFile; fileRef = 183C46E11F9E39620007D4F6 /* searchViewController.swift */; };
		183C47651F9E39620007D4F6 /* secondView.swift in Sources */ = {isa = PBXBuildFile; fileRef = 183C46E21F9E39620007D4F6 /* secondView.swift */; };
		183C47661F9E39620007D4F6 /* singleViewController.swift in Sources */ = {isa = PBXBuildFile; fileRef = 183C46E31F9E39620007D4F6 /* singleViewController.swift */; };
		183C47671F9E39620007D4F6 /* ViewController.swift in Sources */ = {isa = PBXBuildFile; fileRef = 183C46E41F9E39620007D4F6 /* ViewController.swift */; };
		183C47681F9E39620007D4F6 /* AlbumImageCollectionViewCell.swift in Sources */ = {isa = PBXBuildFile; fileRef = 183C46E61F9E39620007D4F6 /* AlbumImageCollectionViewCell.swift */; };
		183C47691F9E39620007D4F6 /* AlbumImageCollectionViewController.swift in Sources */ = {isa = PBXBuildFile; fileRef = 183C46E71F9E39620007D4F6 /* AlbumImageCollectionViewController.swift */; };
		183C476A1F9E39620007D4F6 /* AlbumImageCompleteButton.swift in Sources */ = {isa = PBXBuildFile; fileRef = 183C46E81F9E39620007D4F6 /* AlbumImageCompleteButton.swift */; };
		183C476B1F9E39620007D4F6 /* AlbumImagePickerTableViewCell.swift in Sources */ = {isa = PBXBuildFile; fileRef = 183C46E91F9E39620007D4F6 /* AlbumImagePickerTableViewCell.swift */; };
		183C476C1F9E39620007D4F6 /* AlbumImagePickerViewController.swift in Sources */ = {isa = PBXBuildFile; fileRef = 183C46EA1F9E39620007D4F6 /* AlbumImagePickerViewController.swift */; };
		183C476D1F9E39620007D4F6 /* PhotoCollectionViewCell.swift in Sources */ = {isa = PBXBuildFile; fileRef = 183C46EB1F9E39620007D4F6 /* PhotoCollectionViewCell.swift */; };
		183C476E1F9E39620007D4F6 /* SQLiteDB.swift in Sources */ = {isa = PBXBuildFile; fileRef = 183C46ED1F9E39620007D4F6 /* SQLiteDB.swift */; };
		183C476F1F9E39620007D4F6 /* SQLTable.swift in Sources */ = {isa = PBXBuildFile; fileRef = 183C46EE1F9E39620007D4F6 /* SQLTable.swift */; };
		183C47701F9E39620007D4F6 /* CircleProgressView.m in Sources */ = {isa = PBXBuildFile; fileRef = 183C46F21F9E39620007D4F6 /* CircleProgressView.m */; };
		183C47711F9E39620007D4F6 /* CircleProgressView.swift in Sources */ = {isa = PBXBuildFile; fileRef = 183C46F31F9E39620007D4F6 /* CircleProgressView.swift */; };
		183C477C1F9E44120007D4F6 /* LocalMatch.swift in Sources */ = {isa = PBXBuildFile; fileRef = 183C47721F9E44110007D4F6 /* LocalMatch.swift */; };
		183C477D1F9E44120007D4F6 /* Extensions.swift in Sources */ = {isa = PBXBuildFile; fileRef = 183C47731F9E44110007D4F6 /* Extensions.swift */; };
		183C477E1F9E44120007D4F6 /* Game.swift in Sources */ = {isa = PBXBuildFile; fileRef = 183C47741F9E44110007D4F6 /* Game.swift */; };
		183C477F1F9E44120007D4F6 /* gamemViewController.swift in Sources */ = {isa = PBXBuildFile; fileRef = 183C47751F9E44110007D4F6 /* gamemViewController.swift */; };
		183C47801F9E44120007D4F6 /* GameCenterMatch.swift in Sources */ = {isa = PBXBuildFile; fileRef = 183C47761F9E44120007D4F6 /* GameCenterMatch.swift */; };
		183C47811F9E44120007D4F6 /* gameLeadViewController.swift in Sources */ = {isa = PBXBuildFile; fileRef = 183C47771F9E44120007D4F6 /* gameLeadViewController.swift */; };
		183C47821F9E44120007D4F6 /* GameSelection.swift in Sources */ = {isa = PBXBuildFile; fileRef = 183C47781F9E44120007D4F6 /* GameSelection.swift */; };
		183C47831F9E44120007D4F6 /* Match.swift in Sources */ = {isa = PBXBuildFile; fileRef = 183C47791F9E44120007D4F6 /* Match.swift */; };
		183C47841F9E44120007D4F6 /* Player.swift in Sources */ = {isa = PBXBuildFile; fileRef = 183C477A1F9E44120007D4F6 /* Player.swift */; };
		183C47851F9E44120007D4F6 /* Action.swift in Sources */ = {isa = PBXBuildFile; fileRef = 183C477B1F9E44120007D4F6 /* Action.swift */; };
		183C47861F9E44EB0007D4F6 /* SnapKit.framework in Frameworks */ = {isa = PBXBuildFile; fileRef = 183C47871F9E44EB0007D4F6 /* SnapKit.framework */; };
		188AFBC21EB3954A00A4DD94 /* Assets.xcassets in Resources */ = {isa = PBXBuildFile; fileRef = 188AFBC11EB3954A00A4DD94 /* Assets.xcassets */; };
		956453261F2DCF9D00E294EB /* GameKit.framework in Frameworks */ = {isa = PBXBuildFile; fileRef = 956453251F2DCF9D00E294EB /* GameKit.framework */; };
		E46DFBCB315474D6B86DB3C0 /* Pods___.framework in Frameworks */ = {isa = PBXBuildFile; fileRef = F77ED43EBF5F51EF55521842 /* Pods___.framework */; };
/* End PBXBuildFile section */

/* Begin PBXFileReference section */
		0409EEE51E854E7F00DB2596 /* 诵诗.app */ = {isa = PBXFileReference; explicitFileType = wrapper.application; includeInIndex = 0; path = "诵诗.app"; sourceTree = BUILT_PRODUCTS_DIR; };
		0409EEE81E854E7F00DB2596 /* AppDelegate.swift */ = {isa = PBXFileReference; lastKnownFileType = sourcecode.swift; path = AppDelegate.swift; sourceTree = "<group>"; };
		0409EEED1E854E7F00DB2596 /* Base */ = {isa = PBXFileReference; lastKnownFileType = file.storyboard; name = Base; path = Base.lproj/Main.storyboard; sourceTree = "<group>"; };
		0409EEF21E854E7F00DB2596 /* Base */ = {isa = PBXFileReference; lastKnownFileType = file.storyboard; name = Base; path = Base.lproj/LaunchScreen.storyboard; sourceTree = "<group>"; };
		0409EEF41E854E7F00DB2596 /* Info.plist */ = {isa = PBXFileReference; lastKnownFileType = text.plist.xml; path = Info.plist; sourceTree = "<group>"; };
		04B512711EA7004B00E986A0 /* libsqlite3.0.tbd */ = {isa = PBXFileReference; lastKnownFileType = "sourcecode.text-based-dylib-definition"; name = libsqlite3.0.tbd; path = usr/lib/libsqlite3.0.tbd; sourceTree = SDKROOT; };
		04B512731EA7024900E986A0 /* libsqlite3.tbd */ = {isa = PBXFileReference; lastKnownFileType = "sourcecode.text-based-dylib-definition"; name = libsqlite3.tbd; path = usr/lib/libsqlite3.tbd; sourceTree = SDKROOT; };
		1821FBC71EAC8C24003478FF /* SQLiteBridge.h */ = {isa = PBXFileReference; lastKnownFileType = sourcecode.c.h; name = SQLiteBridge.h; path = ../SQLiteBridge.h; sourceTree = "<group>"; };
		183500001F9EDB31001F5799 /* 启动页2x.png */ = {isa = PBXFileReference; lastKnownFileType = image.png; path = "启动页2x.png"; sourceTree = "<group>"; };
		183500011F9EDB31001F5799 /* 启动页4.7.png */ = {isa = PBXFileReference; lastKnownFileType = image.png; path = "启动页4.7.png"; sourceTree = "<group>"; };
		183500021F9EDB31001F5799 /* 启动页5.5.png */ = {isa = PBXFileReference; lastKnownFileType = image.png; path = "启动页5.5.png"; sourceTree = "<group>"; };
		183500031F9EDB31001F5799 /* 启动页retina4.png */ = {isa = PBXFileReference; lastKnownFileType = image.png; path = "启动页retina4.png"; sourceTree = "<group>"; };
		183500041F9EDB31001F5799 /* 引导页1.png */ = {isa = PBXFileReference; lastKnownFileType = image.png; path = "引导页1.png"; sourceTree = "<group>"; };
		183500051F9EDB31001F5799 /* 引导页2.png */ = {isa = PBXFileReference; lastKnownFileType = image.png; path = "引导页2.png"; sourceTree = "<group>"; };
		183500061F9EDB31001F5799 /* 引导页3.png */ = {isa = PBXFileReference; lastKnownFileType = image.png; path = "引导页3.png"; sourceTree = "<group>"; };
		183500071F9EDB31001F5799 /* 引导页4.png */ = {isa = PBXFileReference; lastKnownFileType = image.png; path = "引导页4.png"; sourceTree = "<group>"; };
		183500081F9EDB31001F5799 /* 引导页5.png */ = {isa = PBXFileReference; lastKnownFileType = image.png; path = "引导页5.png"; sourceTree = "<group>"; };
		183500091F9EDB31001F5799 /* 拼诗按钮.png */ = {isa = PBXFileReference; lastKnownFileType = image.png; path = "拼诗按钮.png"; sourceTree = "<group>"; };
		1835000A1F9EDB31001F5799 /* 按删印章.png */ = {isa = PBXFileReference; lastKnownFileType = image.png; path = "按删印章.png"; sourceTree = "<group>"; };
		1835000B1F9EDB31001F5799 /* 按空印章.png */ = {isa = PBXFileReference; lastKnownFileType = image.png; path = "按空印章.png"; sourceTree = "<group>"; };
		1835000C1F9EDB31001F5799 /* 按诵印章.png */ = {isa = PBXFileReference; lastKnownFileType = image.png; path = "按诵印章.png"; sourceTree = "<group>"; };
		1835000D1F9EDB31001F5799 /* 方正清刻本悦宋简体.ttf */ = {isa = PBXFileReference; lastKnownFileType = file; path = "方正清刻本悦宋简体.ttf"; sourceTree = "<group>"; };
		1835000E1F9EDB31001F5799 /* 检验.png */ = {isa = PBXFileReference; lastKnownFileType = image.png; path = "检验.png"; sourceTree = "<group>"; };
		1835000F1F9EDB31001F5799 /* 检验2.png */ = {isa = PBXFileReference; lastKnownFileType = image.png; path = "检验2.png"; sourceTree = "<group>"; };
		183500101F9EDB31001F5799 /* 正确.png */ = {isa = PBXFileReference; lastKnownFileType = image.png; path = "正确.png"; sourceTree = "<group>"; };
		183500111F9EDB31001F5799 /* 注册.png */ = {isa = PBXFileReference; lastKnownFileType = image.png; path = "注册.png"; sourceTree = "<group>"; };
		183500121F9EDB31001F5799 /* 注册按钮.png */ = {isa = PBXFileReference; lastKnownFileType = image.png; path = "注册按钮.png"; sourceTree = "<group>"; };
		183500131F9EDB31001F5799 /* 清空印章.png */ = {isa = PBXFileReference; lastKnownFileType = image.png; path = "清空印章.png"; sourceTree = "<group>"; };
		183500141F9EDB31001F5799 /* 登录.png */ = {isa = PBXFileReference; lastKnownFileType = image.png; path = "登录.png"; sourceTree = "<group>"; };
		183500151F9EDB31001F5799 /* 登录按钮.png */ = {isa = PBXFileReference; lastKnownFileType = image.png; path = "登录按钮.png"; sourceTree = "<group>"; };
		183500161F9EDB31001F5799 /* 诵印章.png */ = {isa = PBXFileReference; lastKnownFileType = image.png; path = "诵印章.png"; sourceTree = "<group>"; };
		183500171F9EDB31001F5799 /* 错误.png */ = {isa = PBXFileReference; lastKnownFileType = image.png; path = "错误.png"; sourceTree = "<group>"; };
		1835FFE61F9EDB31001F5799 /* icon2-120.png */ = {isa = PBXFileReference; lastKnownFileType = image.png; path = "icon2-120.png"; sourceTree = "<group>"; };
		1835FFE71F9EDB31001F5799 /* icon2-180.png */ = {isa = PBXFileReference; lastKnownFileType = image.png; path = "icon2-180.png"; sourceTree = "<group>"; };
		1835FFE81F9EDB31001F5799 /* icon2-58.png */ = {isa = PBXFileReference; lastKnownFileType = image.png; path = "icon2-58.png"; sourceTree = "<group>"; };
		1835FFE91F9EDB31001F5799 /* icon2-80.png */ = {isa = PBXFileReference; lastKnownFileType = image.png; path = "icon2-80.png"; sourceTree = "<group>"; };
		1835FFEA1F9EDB31001F5799 /* icon2-87.png */ = {isa = PBXFileReference; lastKnownFileType = image.png; path = "icon2-87.png"; sourceTree = "<group>"; };
		1835FFEB1F9EDB31001F5799 /* PBG1.png */ = {isa = PBXFileReference; lastKnownFileType = image.png; path = PBG1.png; sourceTree = "<group>"; };
		1835FFEC1F9EDB31001F5799 /* PBG10.png */ = {isa = PBXFileReference; lastKnownFileType = image.png; path = PBG10.png; sourceTree = "<group>"; };
		1835FFED1F9EDB31001F5799 /* PBG11.png */ = {isa = PBXFileReference; lastKnownFileType = image.png; path = PBG11.png; sourceTree = "<group>"; };
		1835FFEE1F9EDB31001F5799 /* PBG12.png */ = {isa = PBXFileReference; lastKnownFileType = image.png; path = PBG12.png; sourceTree = "<group>"; };
		1835FFEF1F9EDB31001F5799 /* PBG13.png */ = {isa = PBXFileReference; lastKnownFileType = image.png; path = PBG13.png; sourceTree = "<group>"; };
		1835FFF01F9EDB31001F5799 /* PBG14.png */ = {isa = PBXFileReference; lastKnownFileType = image.png; path = PBG14.png; sourceTree = "<group>"; };
		1835FFF11F9EDB31001F5799 /* PBG15.png */ = {isa = PBXFileReference; lastKnownFileType = image.png; path = PBG15.png; sourceTree = "<group>"; };
		1835FFF21F9EDB31001F5799 /* PBG16.png */ = {isa = PBXFileReference; lastKnownFileType = image.png; path = PBG16.png; sourceTree = "<group>"; };
		1835FFF31F9EDB31001F5799 /* PBG17.png */ = {isa = PBXFileReference; lastKnownFileType = image.png; path = PBG17.png; sourceTree = "<group>"; };
		1835FFF41F9EDB31001F5799 /* PBG18.png */ = {isa = PBXFileReference; lastKnownFileType = image.png; path = PBG18.png; sourceTree = "<group>"; };
		1835FFF51F9EDB31001F5799 /* PBG2.png */ = {isa = PBXFileReference; lastKnownFileType = image.png; path = PBG2.png; sourceTree = "<group>"; };
		1835FFF61F9EDB31001F5799 /* PBG3.png */ = {isa = PBXFileReference; lastKnownFileType = image.png; path = PBG3.png; sourceTree = "<group>"; };
		1835FFF71F9EDB31001F5799 /* PBG4.png */ = {isa = PBXFileReference; lastKnownFileType = image.png; path = PBG4.png; sourceTree = "<group>"; };
		1835FFF81F9EDB31001F5799 /* PBG5.png */ = {isa = PBXFileReference; lastKnownFileType = image.png; path = PBG5.png; sourceTree = "<group>"; };
		1835FFF91F9EDB31001F5799 /* PBG6.png */ = {isa = PBXFileReference; lastKnownFileType = image.png; path = PBG6.png; sourceTree = "<group>"; };
		1835FFFA1F9EDB31001F5799 /* PBG7.png */ = {isa = PBXFileReference; lastKnownFileType = image.png; path = PBG7.png; sourceTree = "<group>"; };
		1835FFFB1F9EDB31001F5799 /* PBG8.png */ = {isa = PBXFileReference; lastKnownFileType = image.png; path = PBG8.png; sourceTree = "<group>"; };
		1835FFFC1F9EDB31001F5799 /* PBG9.png */ = {isa = PBXFileReference; lastKnownFileType = image.png; path = PBG9.png; sourceTree = "<group>"; };
		1835FFFD1F9EDB31001F5799 /* poemsentence.db */ = {isa = PBXFileReference; lastKnownFileType = file; path = poemsentence.db; sourceTree = "<group>"; };
		1835FFFE1F9EDB31001F5799 /* 删除印章.png */ = {isa = PBXFileReference; lastKnownFileType = image.png; path = "删除印章.png"; sourceTree = "<group>"; };
		1835FFFF1F9EDB31001F5799 /* 启动页1x.png */ = {isa = PBXFileReference; lastKnownFileType = image.png; path = "启动页1x.png"; sourceTree = "<group>"; };
		183C46A01F9E39610007D4F6 /* BG.png */ = {isa = PBXFileReference; lastKnownFileType = image.png; path = BG.png; sourceTree = "<group>"; };
		183C46A11F9E39610007D4F6 /* BGView1.png */ = {isa = PBXFileReference; lastKnownFileType = image.png; path = BGView1.png; sourceTree = "<group>"; };
		183C46A21F9E39610007D4F6 /* comment.png */ = {isa = PBXFileReference; lastKnownFileType = image.png; path = comment.png; sourceTree = "<group>"; };
		183C46A31F9E39610007D4F6 /* defaultAvatar.jpg */ = {isa = PBXFileReference; lastKnownFileType = image.jpeg; path = defaultAvatar.jpg; sourceTree = "<group>"; };
		183C46A41F9E39610007D4F6 /* idle.png */ = {isa = PBXFileReference; lastKnownFileType = image.png; path = idle.png; sourceTree = "<group>"; };
		183C46A51F9E39610007D4F6 /* noPoint.png */ = {isa = PBXFileReference; lastKnownFileType = image.png; path = noPoint.png; sourceTree = "<group>"; };
		183C46A61F9E39610007D4F6 /* point.png */ = {isa = PBXFileReference; lastKnownFileType = image.png; path = point.png; sourceTree = "<group>"; };
		183C46A71F9E39610007D4F6 /* Rectangle 3.png */ = {isa = PBXFileReference; lastKnownFileType = image.png; path = "Rectangle 3.png"; sourceTree = "<group>"; };
		183C46A81F9E39610007D4F6 /* 一.png */ = {isa = PBXFileReference; lastKnownFileType = image.png; path = "一.png"; sourceTree = "<group>"; };
		183C46A91F9E39610007D4F6 /* 二.png */ = {isa = PBXFileReference; lastKnownFileType = image.png; path = "二.png"; sourceTree = "<group>"; };
		183C46AA1F9E39610007D4F6 /* 全文未选中.png */ = {isa = PBXFileReference; lastKnownFileType = image.png; path = "全文未选中.png"; sourceTree = "<group>"; };
		183C46AB1F9E39610007D4F6 /* 全文选中.png */ = {isa = PBXFileReference; lastKnownFileType = image.png; path = "全文选中.png"; sourceTree = "<group>"; };
		183C46AC1F9E39610007D4F6 /* 冬.png */ = {isa = PBXFileReference; lastKnownFileType = image.png; path = "冬.png"; sourceTree = "<group>"; };
		183C46AD1F9E39610007D4F6 /* 冬至.png */ = {isa = PBXFileReference; lastKnownFileType = image.png; path = "冬至.png"; sourceTree = "<group>"; };
		183C46AE1F9E39610007D4F6 /* 印章.png */ = {isa = PBXFileReference; lastKnownFileType = image.png; path = "印章.png"; sourceTree = "<group>"; };
		183C46AF1F9E39610007D4F6 /* 向右.png */ = {isa = PBXFileReference; lastKnownFileType = image.png; path = "向右.png"; sourceTree = "<group>"; };
		183C46B01F9E39610007D4F6 /* 向左.png */ = {isa = PBXFileReference; lastKnownFileType = image.png; path = "向左.png"; sourceTree = "<group>"; };
		183C46B11F9E39610007D4F6 /* 处暑.png */ = {isa = PBXFileReference; lastKnownFileType = image.png; path = "处暑.png"; sourceTree = "<group>"; };
		183C46B21F9E39610007D4F6 /* 夏.png */ = {isa = PBXFileReference; lastKnownFileType = image.png; path = "夏.png"; sourceTree = "<group>"; };
		183C46B31F9E39610007D4F6 /* 夏至.png */ = {isa = PBXFileReference; lastKnownFileType = image.png; path = "夏至.png"; sourceTree = "<group>"; };
		183C46B41F9E39610007D4F6 /* 大寒.png */ = {isa = PBXFileReference; lastKnownFileType = image.png; path = "大寒.png"; sourceTree = "<group>"; };
		183C46B51F9E39610007D4F6 /* 大暑.png */ = {isa = PBXFileReference; lastKnownFileType = image.png; path = "大暑.png"; sourceTree = "<group>"; };
		183C46B61F9E39610007D4F6 /* 大雪.png */ = {isa = PBXFileReference; lastKnownFileType = image.png; path = "大雪.png"; sourceTree = "<group>"; };
		183C46B71F9E39610007D4F6 /* 寒露.png */ = {isa = PBXFileReference; lastKnownFileType = image.png; path = "寒露.png"; sourceTree = "<group>"; };
		183C46B81F9E39610007D4F6 /* 小寒.png */ = {isa = PBXFileReference; lastKnownFileType = image.png; path = "小寒.png"; sourceTree = "<group>"; };
		183C46B91F9E39610007D4F6 /* 小暑.png */ = {isa = PBXFileReference; lastKnownFileType = image.png; path = "小暑.png"; sourceTree = "<group>"; };
		183C46BA1F9E39610007D4F6 /* 小满.png */ = {isa = PBXFileReference; lastKnownFileType = image.png; path = "小满.png"; sourceTree = "<group>"; };
		183C46BB1F9E39610007D4F6 /* 小雪.png */ = {isa = PBXFileReference; lastKnownFileType = image.png; path = "小雪.png"; sourceTree = "<group>"; };
		183C46BC1F9E39610007D4F6 /* 帘子右.png */ = {isa = PBXFileReference; lastKnownFileType = image.png; path = "帘子右.png"; sourceTree = "<group>"; };
		183C46BD1F9E39610007D4F6 /* 帘子左.png */ = {isa = PBXFileReference; lastKnownFileType = image.png; path = "帘子左.png"; sourceTree = "<group>"; };
		183C46BE1F9E39610007D4F6 /* 康熙字典體(Demo).ttf */ = {isa = PBXFileReference; lastKnownFileType = file; path = "康熙字典體(Demo).ttf"; sourceTree = "<group>"; };
		183C46BF1F9E39610007D4F6 /* 惊蛰.png */ = {isa = PBXFileReference; lastKnownFileType = image.png; path = "惊蛰.png"; sourceTree = "<group>"; };
		183C46C01F9E39610007D4F6 /* 方正清刻本悦宋简体.ttf */ = {isa = PBXFileReference; lastKnownFileType = file; path = "方正清刻本悦宋简体.ttf"; sourceTree = "<group>"; };
		183C46C11F9E39610007D4F6 /* 方正苏新诗柳楷繁体.ttf */ = {isa = PBXFileReference; lastKnownFileType = file; path = "方正苏新诗柳楷繁体.ttf"; sourceTree = "<group>"; };
		183C46C21F9E39610007D4F6 /* 春.png */ = {isa = PBXFileReference; lastKnownFileType = image.png; path = "春.png"; sourceTree = "<group>"; };
		183C46C31F9E39610007D4F6 /* 春分.png */ = {isa = PBXFileReference; lastKnownFileType = image.png; path = "春分.png"; sourceTree = "<group>"; };
		183C46C41F9E39610007D4F6 /* 未解锁.png */ = {isa = PBXFileReference; lastKnownFileType = image.png; path = "未解锁.png"; sourceTree = "<group>"; };
		183C46C51F9E39610007D4F6 /* 清明.png */ = {isa = PBXFileReference; lastKnownFileType = image.png; path = "清明.png"; sourceTree = "<group>"; };
		183C46C61F9E39610007D4F6 /* 白露.png */ = {isa = PBXFileReference; lastKnownFileType = image.png; path = "白露.png"; sourceTree = "<group>"; };
		183C46C71F9E39610007D4F6 /* 秋.png */ = {isa = PBXFileReference; lastKnownFileType = image.png; path = "秋.png"; sourceTree = "<group>"; };
		183C46C81F9E39610007D4F6 /* 秋分.png */ = {isa = PBXFileReference; lastKnownFileType = image.png; path = "秋分.png"; sourceTree = "<group>"; };
		183C46C91F9E39610007D4F6 /* 立冬.png */ = {isa = PBXFileReference; lastKnownFileType = image.png; path = "立冬.png"; sourceTree = "<group>"; };
		183C46CA1F9E39610007D4F6 /* 立夏.png */ = {isa = PBXFileReference; lastKnownFileType = image.png; path = "立夏.png"; sourceTree = "<group>"; };
		183C46CB1F9E39610007D4F6 /* 立春.png */ = {isa = PBXFileReference; lastKnownFileType = image.png; path = "立春.png"; sourceTree = "<group>"; };
		183C46CC1F9E39610007D4F6 /* 立秋.png */ = {isa = PBXFileReference; lastKnownFileType = image.png; path = "立秋.png"; sourceTree = "<group>"; };
		183C46CD1F9E39610007D4F6 /* 芒种.png */ = {isa = PBXFileReference; lastKnownFileType = image.png; path = "芒种.png"; sourceTree = "<group>"; };
		183C46CE1F9E39610007D4F6 /* 译文未选中.png */ = {isa = PBXFileReference; lastKnownFileType = image.png; path = "译文未选中.png"; sourceTree = "<group>"; };
		183C46CF1F9E39610007D4F6 /* 译文选中.png */ = {isa = PBXFileReference; lastKnownFileType = image.png; path = "译文选中.png"; sourceTree = "<group>"; };
		183C46D01F9E39610007D4F6 /* 谷雨.png */ = {isa = PBXFileReference; lastKnownFileType = image.png; path = "谷雨.png"; sourceTree = "<group>"; };
		183C46D11F9E39610007D4F6 /* 赏析未选中.png */ = {isa = PBXFileReference; lastKnownFileType = image.png; path = "赏析未选中.png"; sourceTree = "<group>"; };
		183C46D21F9E39610007D4F6 /* 赏析选中.png */ = {isa = PBXFileReference; lastKnownFileType = image.png; path = "赏析选中.png"; sourceTree = "<group>"; };
		183C46D31F9E39610007D4F6 /* 返回主界面未选中.png */ = {isa = PBXFileReference; lastKnownFileType = image.png; path = "返回主界面未选中.png"; sourceTree = "<group>"; };
		183C46D41F9E39610007D4F6 /* 返回主界面选中.png */ = {isa = PBXFileReference; lastKnownFileType = image.png; path = "返回主界面选中.png"; sourceTree = "<group>"; };
		183C46D51F9E39610007D4F6 /* 雨水.png */ = {isa = PBXFileReference; lastKnownFileType = image.png; path = "雨水.png"; sourceTree = "<group>"; };
		183C46D61F9E39610007D4F6 /* 霜降.png */ = {isa = PBXFileReference; lastKnownFileType = image.png; path = "霜降.png"; sourceTree = "<group>"; };
		183C46D81F9E39620007D4F6 /* commentTableViewCell.swift */ = {isa = PBXFileReference; fileEncoding = 4; lastKnownFileType = sourcecode.swift; path = commentTableViewCell.swift; sourceTree = "<group>"; };
		183C46D91F9E39620007D4F6 /* commentViewController.swift */ = {isa = PBXFileReference; fileEncoding = 4; lastKnownFileType = sourcecode.swift; path = commentViewController.swift; sourceTree = "<group>"; };
		183C46DA1F9E39620007D4F6 /* entranceViewController.swift */ = {isa = PBXFileReference; fileEncoding = 4; lastKnownFileType = sourcecode.swift; path = entranceViewController.swift; sourceTree = "<group>"; };
		183C46DB1F9E39620007D4F6 /* explainViewController.swift */ = {isa = PBXFileReference; fileEncoding = 4; lastKnownFileType = sourcecode.swift; path = explainViewController.swift; sourceTree = "<group>"; };
		183C46DC1F9E39620007D4F6 /* GuideViewController.swift */ = {isa = PBXFileReference; fileEncoding = 4; lastKnownFileType = sourcecode.swift; path = GuideViewController.swift; sourceTree = "<group>"; };
		183C46DD1F9E39620007D4F6 /* informationViewController.swift */ = {isa = PBXFileReference; fileEncoding = 4; lastKnownFileType = sourcecode.swift; path = informationViewController.swift; sourceTree = "<group>"; };
		183C46DE1F9E39620007D4F6 /* LevelsViewController.swift */ = {isa = PBXFileReference; fileEncoding = 4; lastKnownFileType = sourcecode.swift; path = LevelsViewController.swift; sourceTree = "<group>"; };
		183C46DF1F9E39620007D4F6 /* loginViewController.swift */ = {isa = PBXFileReference; fileEncoding = 4; lastKnownFileType = sourcecode.swift; path = loginViewController.swift; sourceTree = "<group>"; };
		183C46E01F9E39620007D4F6 /* registerViewController.swift */ = {isa = PBXFileReference; fileEncoding = 4; lastKnownFileType = sourcecode.swift; path = registerViewController.swift; sourceTree = "<group>"; };
		183C46E11F9E39620007D4F6 /* searchViewController.swift */ = {isa = PBXFileReference; fileEncoding = 4; lastKnownFileType = sourcecode.swift; path = searchViewController.swift; sourceTree = "<group>"; };
		183C46E21F9E39620007D4F6 /* secondView.swift */ = {isa = PBXFileReference; fileEncoding = 4; lastKnownFileType = sourcecode.swift; path = secondView.swift; sourceTree = "<group>"; };
		183C46E31F9E39620007D4F6 /* singleViewController.swift */ = {isa = PBXFileReference; fileEncoding = 4; lastKnownFileType = sourcecode.swift; path = singleViewController.swift; sourceTree = "<group>"; };
		183C46E41F9E39620007D4F6 /* ViewController.swift */ = {isa = PBXFileReference; fileEncoding = 4; lastKnownFileType = sourcecode.swift; path = ViewController.swift; sourceTree = "<group>"; };
		183C46E61F9E39620007D4F6 /* AlbumImageCollectionViewCell.swift */ = {isa = PBXFileReference; fileEncoding = 4; lastKnownFileType = sourcecode.swift; path = AlbumImageCollectionViewCell.swift; sourceTree = "<group>"; };
		183C46E71F9E39620007D4F6 /* AlbumImageCollectionViewController.swift */ = {isa = PBXFileReference; fileEncoding = 4; lastKnownFileType = sourcecode.swift; path = AlbumImageCollectionViewController.swift; sourceTree = "<group>"; };
		183C46E81F9E39620007D4F6 /* AlbumImageCompleteButton.swift */ = {isa = PBXFileReference; fileEncoding = 4; lastKnownFileType = sourcecode.swift; path = AlbumImageCompleteButton.swift; sourceTree = "<group>"; };
		183C46E91F9E39620007D4F6 /* AlbumImagePickerTableViewCell.swift */ = {isa = PBXFileReference; fileEncoding = 4; lastKnownFileType = sourcecode.swift; path = AlbumImagePickerTableViewCell.swift; sourceTree = "<group>"; };
		183C46EA1F9E39620007D4F6 /* AlbumImagePickerViewController.swift */ = {isa = PBXFileReference; fileEncoding = 4; lastKnownFileType = sourcecode.swift; path = AlbumImagePickerViewController.swift; sourceTree = "<group>"; };
		183C46EB1F9E39620007D4F6 /* PhotoCollectionViewCell.swift */ = {isa = PBXFileReference; fileEncoding = 4; lastKnownFileType = sourcecode.swift; path = PhotoCollectionViewCell.swift; sourceTree = "<group>"; };
		183C46ED1F9E39620007D4F6 /* SQLiteDB.swift */ = {isa = PBXFileReference; fileEncoding = 4; lastKnownFileType = sourcecode.swift; path = SQLiteDB.swift; sourceTree = "<group>"; };
		183C46EE1F9E39620007D4F6 /* SQLTable.swift */ = {isa = PBXFileReference; fileEncoding = 4; lastKnownFileType = sourcecode.swift; path = SQLTable.swift; sourceTree = "<group>"; };
		183C46F01F9E39620007D4F6 /* CircleProgressView-Bridging-Header.h */ = {isa = PBXFileReference; fileEncoding = 4; lastKnownFileType = sourcecode.c.h; path = "CircleProgressView-Bridging-Header.h"; sourceTree = "<group>"; };
		183C46F11F9E39620007D4F6 /* CircleProgressView.h */ = {isa = PBXFileReference; fileEncoding = 4; lastKnownFileType = sourcecode.c.h; path = CircleProgressView.h; sourceTree = "<group>"; };
		183C46F21F9E39620007D4F6 /* CircleProgressView.m */ = {isa = PBXFileReference; fileEncoding = 4; lastKnownFileType = sourcecode.c.objc; path = CircleProgressView.m; sourceTree = "<group>"; };
		183C46F31F9E39620007D4F6 /* CircleProgressView.swift */ = {isa = PBXFileReference; fileEncoding = 4; lastKnownFileType = sourcecode.swift; path = CircleProgressView.swift; sourceTree = "<group>"; };
		183C47721F9E44110007D4F6 /* LocalMatch.swift */ = {isa = PBXFileReference; fileEncoding = 4; lastKnownFileType = sourcecode.swift; name = LocalMatch.swift; path = gamePart/LocalMatch.swift; sourceTree = "<group>"; };
		183C47731F9E44110007D4F6 /* Extensions.swift */ = {isa = PBXFileReference; fileEncoding = 4; lastKnownFileType = sourcecode.swift; name = Extensions.swift; path = gamePart/Extensions.swift; sourceTree = "<group>"; };
		183C47741F9E44110007D4F6 /* Game.swift */ = {isa = PBXFileReference; fileEncoding = 4; lastKnownFileType = sourcecode.swift; name = Game.swift; path = gamePart/Game.swift; sourceTree = "<group>"; };
		183C47751F9E44110007D4F6 /* gamemViewController.swift */ = {isa = PBXFileReference; fileEncoding = 4; lastKnownFileType = sourcecode.swift; name = gamemViewController.swift; path = gamePart/gamemViewController.swift; sourceTree = "<group>"; };
		183C47761F9E44120007D4F6 /* GameCenterMatch.swift */ = {isa = PBXFileReference; fileEncoding = 4; lastKnownFileType = sourcecode.swift; name = GameCenterMatch.swift; path = gamePart/GameCenterMatch.swift; sourceTree = "<group>"; };
		183C47771F9E44120007D4F6 /* gameLeadViewController.swift */ = {isa = PBXFileReference; fileEncoding = 4; lastKnownFileType = sourcecode.swift; name = gameLeadViewController.swift; path = gamePart/gameLeadViewController.swift; sourceTree = "<group>"; };
		183C47781F9E44120007D4F6 /* GameSelection.swift */ = {isa = PBXFileReference; fileEncoding = 4; lastKnownFileType = sourcecode.swift; name = GameSelection.swift; path = gamePart/GameSelection.swift; sourceTree = "<group>"; };
		183C47791F9E44120007D4F6 /* Match.swift */ = {isa = PBXFileReference; fileEncoding = 4; lastKnownFileType = sourcecode.swift; name = Match.swift; path = gamePart/Match.swift; sourceTree = "<group>"; };
		183C477A1F9E44120007D4F6 /* Player.swift */ = {isa = PBXFileReference; fileEncoding = 4; lastKnownFileType = sourcecode.swift; name = Player.swift; path = gamePart/Player.swift; sourceTree = "<group>"; };
		183C477B1F9E44120007D4F6 /* Action.swift */ = {isa = PBXFileReference; fileEncoding = 4; lastKnownFileType = sourcecode.swift; name = Action.swift; path = gamePart/Action.swift; sourceTree = "<group>"; };
		183C47871F9E44EB0007D4F6 /* SnapKit.framework */ = {isa = PBXFileReference; explicitFileType = wrapper.framework; path = SnapKit.framework; sourceTree = BUILT_PRODUCTS_DIR; };
		188AFBC11EB3954A00A4DD94 /* Assets.xcassets */ = {isa = PBXFileReference; lastKnownFileType = folder.assetcatalog; path = Assets.xcassets; sourceTree = "<group>"; };
		7B63F10DABCA5DF68A60B27C /* Pods-诵诗.release.xcconfig */ = {isa = PBXFileReference; includeInIndex = 1; lastKnownFileType = text.xcconfig; name = "Pods-诵诗.release.xcconfig"; path = "Pods/Target Support Files/Pods-诵诗/Pods-诵诗.release.xcconfig"; sourceTree = "<group>"; };
		956453241F2DCF9600E294EB /* 诵诗.entitlements */ = {isa = PBXFileReference; lastKnownFileType = text.plist.entitlements; path = "诵诗.entitlements"; sourceTree = "<group>"; };
		956453251F2DCF9D00E294EB /* GameKit.framework */ = {isa = PBXFileReference; lastKnownFileType = wrapper.framework; name = GameKit.framework; path = System/Library/Frameworks/GameKit.framework; sourceTree = SDKROOT; };
		9C366B4E3BBFE73DC23E5A5F /* Pods-诵诗.debug.xcconfig */ = {isa = PBXFileReference; includeInIndex = 1; lastKnownFileType = text.xcconfig; name = "Pods-诵诗.debug.xcconfig"; path = "Pods/Target Support Files/Pods-诵诗/Pods-诵诗.debug.xcconfig"; sourceTree = "<group>"; };
		F77ED43EBF5F51EF55521842 /* Pods___.framework */ = {isa = PBXFileReference; explicitFileType = wrapper.framework; includeInIndex = 0; path = "Pods___.framework"; sourceTree = BUILT_PRODUCTS_DIR; };
/* End PBXFileReference section */

/* Begin PBXFrameworksBuildPhase section */
		0409EEE21E854E7F00DB2596 /* Frameworks */ = {
			isa = PBXFrameworksBuildPhase;
			buildActionMask = 2147483647;
			files = (
				183C47861F9E44EB0007D4F6 /* SnapKit.framework in Frameworks */,
				956453261F2DCF9D00E294EB /* GameKit.framework in Frameworks */,
				04B512741EA7024900E986A0 /* libsqlite3.tbd in Frameworks */,
				04B512721EA7004B00E986A0 /* libsqlite3.0.tbd in Frameworks */,
				E46DFBCB315474D6B86DB3C0 /* Pods___.framework in Frameworks */,
			);
			runOnlyForDeploymentPostprocessing = 0;
		};
/* End PBXFrameworksBuildPhase section */

/* Begin PBXGroup section */
		0409EEDC1E854E7F00DB2596 = {
			isa = PBXGroup;
			children = (
				0409EEE71E854E7F00DB2596 /* 诵诗 */,
				0409EEE61E854E7F00DB2596 /* Products */,
				04B512701EA7004B00E986A0 /* Frameworks */,
				E56C42C71FB9A9E087EC5263 /* Pods */,
			);
			sourceTree = "<group>";
		};
		0409EEE61E854E7F00DB2596 /* Products */ = {
			isa = PBXGroup;
			children = (
				0409EEE51E854E7F00DB2596 /* 诵诗.app */,
			);
			name = Products;
			sourceTree = "<group>";
		};
		0409EEE71E854E7F00DB2596 /* 诵诗 */ = {
			isa = PBXGroup;
			children = (
				1835FFE51F9EDB31001F5799 /* Resource */,
				183C46D71F9E39620007D4F6 /* controllers */,
				183C46E51F9E39620007D4F6 /* photoPicker */,
				183C46EF1F9E39620007D4F6 /* ProgressView */,
				183C469F1F9E39610007D4F6 /* source */,
				183C46EC1F9E39620007D4F6 /* SQLiteDB */,
				956453241F2DCF9600E294EB /* 诵诗.entitlements */,
				188AFBC11EB3954A00A4DD94 /* Assets.xcassets */,
				0409EEE81E854E7F00DB2596 /* AppDelegate.swift */,
				0409EEEC1E854E7F00DB2596 /* Main.storyboard */,
				95FC56F51F2F053A00DBF151 /* gamePart */,
				0409EEF11E854E7F00DB2596 /* LaunchScreen.storyboard */,
				0409EEF41E854E7F00DB2596 /* Info.plist */,
				1821FBC71EAC8C24003478FF /* SQLiteBridge.h */,
			);
			path = "诵诗";
			sourceTree = "<group>";
		};
		04B512701EA7004B00E986A0 /* Frameworks */ = {
			isa = PBXGroup;
			children = (
				183C47871F9E44EB0007D4F6 /* SnapKit.framework */,
				956453251F2DCF9D00E294EB /* GameKit.framework */,
				04B512731EA7024900E986A0 /* libsqlite3.tbd */,
				04B512711EA7004B00E986A0 /* libsqlite3.0.tbd */,
				F77ED43EBF5F51EF55521842 /* Pods___.framework */,
			);
			name = Frameworks;
			sourceTree = "<group>";
		};
		1835FFE51F9EDB31001F5799 /* Resource */ = {
			isa = PBXGroup;
			children = (
				1835FFE61F9EDB31001F5799 /* icon2-120.png */,
				1835FFE71F9EDB31001F5799 /* icon2-180.png */,
				1835FFE81F9EDB31001F5799 /* icon2-58.png */,
				1835FFE91F9EDB31001F5799 /* icon2-80.png */,
				1835FFEA1F9EDB31001F5799 /* icon2-87.png */,
				1835FFEB1F9EDB31001F5799 /* PBG1.png */,
				1835FFEC1F9EDB31001F5799 /* PBG10.png */,
				1835FFED1F9EDB31001F5799 /* PBG11.png */,
				1835FFEE1F9EDB31001F5799 /* PBG12.png */,
				1835FFEF1F9EDB31001F5799 /* PBG13.png */,
				1835FFF01F9EDB31001F5799 /* PBG14.png */,
				1835FFF11F9EDB31001F5799 /* PBG15.png */,
				1835FFF21F9EDB31001F5799 /* PBG16.png */,
				1835FFF31F9EDB31001F5799 /* PBG17.png */,
				1835FFF41F9EDB31001F5799 /* PBG18.png */,
				1835FFF51F9EDB31001F5799 /* PBG2.png */,
				1835FFF61F9EDB31001F5799 /* PBG3.png */,
				1835FFF71F9EDB31001F5799 /* PBG4.png */,
				1835FFF81F9EDB31001F5799 /* PBG5.png */,
				1835FFF91F9EDB31001F5799 /* PBG6.png */,
				1835FFFA1F9EDB31001F5799 /* PBG7.png */,
				1835FFFB1F9EDB31001F5799 /* PBG8.png */,
				1835FFFC1F9EDB31001F5799 /* PBG9.png */,
				1835FFFD1F9EDB31001F5799 /* poemsentence.db */,
				1835FFFE1F9EDB31001F5799 /* 删除印章.png */,
				1835FFFF1F9EDB31001F5799 /* 启动页1x.png */,
				183500001F9EDB31001F5799 /* 启动页2x.png */,
				183500011F9EDB31001F5799 /* 启动页4.7.png */,
				183500021F9EDB31001F5799 /* 启动页5.5.png */,
				183500031F9EDB31001F5799 /* 启动页retina4.png */,
				183500041F9EDB31001F5799 /* 引导页1.png */,
				183500051F9EDB31001F5799 /* 引导页2.png */,
				183500061F9EDB31001F5799 /* 引导页3.png */,
				183500071F9EDB31001F5799 /* 引导页4.png */,
				183500081F9EDB31001F5799 /* 引导页5.png */,
				183500091F9EDB31001F5799 /* 拼诗按钮.png */,
				1835000A1F9EDB31001F5799 /* 按删印章.png */,
				1835000B1F9EDB31001F5799 /* 按空印章.png */,
				1835000C1F9EDB31001F5799 /* 按诵印章.png */,
				1835000D1F9EDB31001F5799 /* 方正清刻本悦宋简体.ttf */,
				1835000E1F9EDB31001F5799 /* 检验.png */,
				1835000F1F9EDB31001F5799 /* 检验2.png */,
				183500101F9EDB31001F5799 /* 正确.png */,
				183500111F9EDB31001F5799 /* 注册.png */,
				183500121F9EDB31001F5799 /* 注册按钮.png */,
				183500131F9EDB31001F5799 /* 清空印章.png */,
				183500141F9EDB31001F5799 /* 登录.png */,
				183500151F9EDB31001F5799 /* 登录按钮.png */,
				183500161F9EDB31001F5799 /* 诵印章.png */,
				183500171F9EDB31001F5799 /* 错误.png */,
			);
			path = Resource;
			sourceTree = "<group>";
		};
		183C469F1F9E39610007D4F6 /* source */ = {
			isa = PBXGroup;
			children = (
				183C46A01F9E39610007D4F6 /* BG.png */,
				183C46A11F9E39610007D4F6 /* BGView1.png */,
				183C46A21F9E39610007D4F6 /* comment.png */,
				183C46A31F9E39610007D4F6 /* defaultAvatar.jpg */,
				183C46A41F9E39610007D4F6 /* idle.png */,
				183C46A51F9E39610007D4F6 /* noPoint.png */,
				183C46A61F9E39610007D4F6 /* point.png */,
				183C46A71F9E39610007D4F6 /* Rectangle 3.png */,
				183C46A81F9E39610007D4F6 /* 一.png */,
				183C46A91F9E39610007D4F6 /* 二.png */,
				183C46AA1F9E39610007D4F6 /* 全文未选中.png */,
				183C46AB1F9E39610007D4F6 /* 全文选中.png */,
				183C46AC1F9E39610007D4F6 /* 冬.png */,
				183C46AD1F9E39610007D4F6 /* 冬至.png */,
				183C46AE1F9E39610007D4F6 /* 印章.png */,
				183C46AF1F9E39610007D4F6 /* 向右.png */,
				183C46B01F9E39610007D4F6 /* 向左.png */,
				183C46B11F9E39610007D4F6 /* 处暑.png */,
				183C46B21F9E39610007D4F6 /* 夏.png */,
				183C46B31F9E39610007D4F6 /* 夏至.png */,
				183C46B41F9E39610007D4F6 /* 大寒.png */,
				183C46B51F9E39610007D4F6 /* 大暑.png */,
				183C46B61F9E39610007D4F6 /* 大雪.png */,
				183C46B71F9E39610007D4F6 /* 寒露.png */,
				183C46B81F9E39610007D4F6 /* 小寒.png */,
				183C46B91F9E39610007D4F6 /* 小暑.png */,
				183C46BA1F9E39610007D4F6 /* 小满.png */,
				183C46BB1F9E39610007D4F6 /* 小雪.png */,
				183C46BC1F9E39610007D4F6 /* 帘子右.png */,
				183C46BD1F9E39610007D4F6 /* 帘子左.png */,
				183C46BE1F9E39610007D4F6 /* 康熙字典體(Demo).ttf */,
				183C46BF1F9E39610007D4F6 /* 惊蛰.png */,
				183C46C01F9E39610007D4F6 /* 方正清刻本悦宋简体.ttf */,
				183C46C11F9E39610007D4F6 /* 方正苏新诗柳楷繁体.ttf */,
				183C46C21F9E39610007D4F6 /* 春.png */,
				183C46C31F9E39610007D4F6 /* 春分.png */,
				183C46C41F9E39610007D4F6 /* 未解锁.png */,
				183C46C51F9E39610007D4F6 /* 清明.png */,
				183C46C61F9E39610007D4F6 /* 白露.png */,
				183C46C71F9E39610007D4F6 /* 秋.png */,
				183C46C81F9E39610007D4F6 /* 秋分.png */,
				183C46C91F9E39610007D4F6 /* 立冬.png */,
				183C46CA1F9E39610007D4F6 /* 立夏.png */,
				183C46CB1F9E39610007D4F6 /* 立春.png */,
				183C46CC1F9E39610007D4F6 /* 立秋.png */,
				183C46CD1F9E39610007D4F6 /* 芒种.png */,
				183C46CE1F9E39610007D4F6 /* 译文未选中.png */,
				183C46CF1F9E39610007D4F6 /* 译文选中.png */,
				183C46D01F9E39610007D4F6 /* 谷雨.png */,
				183C46D11F9E39610007D4F6 /* 赏析未选中.png */,
				183C46D21F9E39610007D4F6 /* 赏析选中.png */,
				183C46D31F9E39610007D4F6 /* 返回主界面未选中.png */,
				183C46D41F9E39610007D4F6 /* 返回主界面选中.png */,
				183C46D51F9E39610007D4F6 /* 雨水.png */,
				183C46D61F9E39610007D4F6 /* 霜降.png */,
			);
			path = source;
			sourceTree = "<group>";
		};
		183C46D71F9E39620007D4F6 /* controllers */ = {
			isa = PBXGroup;
			children = (
				183C46D81F9E39620007D4F6 /* commentTableViewCell.swift */,
				183C46D91F9E39620007D4F6 /* commentViewController.swift */,
				183C46DA1F9E39620007D4F6 /* entranceViewController.swift */,
				183C46DB1F9E39620007D4F6 /* explainViewController.swift */,
				183C46DC1F9E39620007D4F6 /* GuideViewController.swift */,
				183C46DD1F9E39620007D4F6 /* informationViewController.swift */,
				183C46DE1F9E39620007D4F6 /* LevelsViewController.swift */,
				183C46DF1F9E39620007D4F6 /* loginViewController.swift */,
				183C46E01F9E39620007D4F6 /* registerViewController.swift */,
				183C46E11F9E39620007D4F6 /* searchViewController.swift */,
				183C46E21F9E39620007D4F6 /* secondView.swift */,
				183C46E31F9E39620007D4F6 /* singleViewController.swift */,
				183C46E41F9E39620007D4F6 /* ViewController.swift */,
			);
			path = controllers;
			sourceTree = "<group>";
		};
		183C46E51F9E39620007D4F6 /* photoPicker */ = {
			isa = PBXGroup;
			children = (
				183C46E61F9E39620007D4F6 /* AlbumImageCollectionViewCell.swift */,
				183C46E71F9E39620007D4F6 /* AlbumImageCollectionViewController.swift */,
				183C46E81F9E39620007D4F6 /* AlbumImageCompleteButton.swift */,
				183C46E91F9E39620007D4F6 /* AlbumImagePickerTableViewCell.swift */,
				183C46EA1F9E39620007D4F6 /* AlbumImagePickerViewController.swift */,
				183C46EB1F9E39620007D4F6 /* PhotoCollectionViewCell.swift */,
			);
			path = photoPicker;
			sourceTree = "<group>";
		};
		183C46EC1F9E39620007D4F6 /* SQLiteDB */ = {
			isa = PBXGroup;
			children = (
				183C46ED1F9E39620007D4F6 /* SQLiteDB.swift */,
				183C46EE1F9E39620007D4F6 /* SQLTable.swift */,
			);
			path = SQLiteDB;
			sourceTree = "<group>";
		};
		183C46EF1F9E39620007D4F6 /* ProgressView */ = {
			isa = PBXGroup;
			children = (
				183C46F01F9E39620007D4F6 /* CircleProgressView-Bridging-Header.h */,
				183C46F11F9E39620007D4F6 /* CircleProgressView.h */,
				183C46F21F9E39620007D4F6 /* CircleProgressView.m */,
				183C46F31F9E39620007D4F6 /* CircleProgressView.swift */,
			);
			path = ProgressView;
			sourceTree = "<group>";
		};
		95FC56F51F2F053A00DBF151 /* gamePart */ = {
			isa = PBXGroup;
			children = (
				183C477B1F9E44120007D4F6 /* Action.swift */,
				183C47731F9E44110007D4F6 /* Extensions.swift */,
				183C47741F9E44110007D4F6 /* Game.swift */,
				183C47761F9E44120007D4F6 /* GameCenterMatch.swift */,
				183C47771F9E44120007D4F6 /* gameLeadViewController.swift */,
				183C47751F9E44110007D4F6 /* gamemViewController.swift */,
				183C47781F9E44120007D4F6 /* GameSelection.swift */,
				183C47721F9E44110007D4F6 /* LocalMatch.swift */,
				183C47791F9E44120007D4F6 /* Match.swift */,
				183C477A1F9E44120007D4F6 /* Player.swift */,
			);
			name = gamePart;
			sourceTree = "<group>";
		};
		E56C42C71FB9A9E087EC5263 /* Pods */ = {
			isa = PBXGroup;
			children = (
				9C366B4E3BBFE73DC23E5A5F /* Pods-诵诗.debug.xcconfig */,
				7B63F10DABCA5DF68A60B27C /* Pods-诵诗.release.xcconfig */,
			);
			name = Pods;
			sourceTree = "<group>";
		};
/* End PBXGroup section */

/* Begin PBXNativeTarget section */
		0409EEE41E854E7F00DB2596 /* 诵诗 */ = {
			isa = PBXNativeTarget;
			buildConfigurationList = 0409EEF71E854E7F00DB2596 /* Build configuration list for PBXNativeTarget "诵诗" */;
			buildPhases = (
				81C0A744C63492B4F4F66CAB /* [CP] Check Pods Manifest.lock */,
				0409EEE11E854E7F00DB2596 /* Sources */,
				0409EEE21E854E7F00DB2596 /* Frameworks */,
				0409EEE31E854E7F00DB2596 /* Resources */,
				294862B72142633104D69113 /* [CP] Embed Pods Frameworks */,
				5AE4BD72C74B4DF227BDE820 /* [CP] Copy Pods Resources */,
			);
			buildRules = (
			);
			dependencies = (
			);
			name = "诵诗";
			productName = "诵诗";
			productReference = 0409EEE51E854E7F00DB2596 /* 诵诗.app */;
			productType = "com.apple.product-type.application";
		};
/* End PBXNativeTarget section */

/* Begin PBXProject section */
		0409EEDD1E854E7F00DB2596 /* Project object */ = {
			isa = PBXProject;
			attributes = {
				LastSwiftUpdateCheck = 0820;
				LastUpgradeCheck = 0820;
				ORGANIZATIONNAME = mac;
				TargetAttributes = {
					0409EEE41E854E7F00DB2596 = {
						CreatedOnToolsVersion = 8.2.1;
						DevelopmentTeam = 2XYAGB2947;
						ProvisioningStyle = Automatic;
						SystemCapabilities = {
							com.apple.GameCenter = {
								enabled = 1;
							};
							com.apple.iCloud = {
								enabled = 0;
							};
						};
					};
				};
			};
			buildConfigurationList = 0409EEE01E854E7F00DB2596 /* Build configuration list for PBXProject "诵诗" */;
			compatibilityVersion = "Xcode 3.2";
			developmentRegion = English;
			hasScannedForEncodings = 0;
			knownRegions = (
				en,
				Base,
			);
			mainGroup = 0409EEDC1E854E7F00DB2596;
			productRefGroup = 0409EEE61E854E7F00DB2596 /* Products */;
			projectDirPath = "";
			projectRoot = "";
			targets = (
				0409EEE41E854E7F00DB2596 /* 诵诗 */,
			);
		};
/* End PBXProject section */

/* Begin PBXResourcesBuildPhase section */
		0409EEE31E854E7F00DB2596 /* Resources */ = {
			isa = PBXResourcesBuildPhase;
			buildActionMask = 2147483647;
			files = (
				183C47311F9E39620007D4F6 /* 冬至.png in Resources */,
				183C47411F9E39620007D4F6 /* 帘子左.png in Resources */,
				183C47271F9E39620007D4F6 /* defaultAvatar.jpg in Resources */,
				183C47321F9E39620007D4F6 /* 印章.png in Resources */,
				183C473F1F9E39620007D4F6 /* 小雪.png in Resources */,
				1835001D1F9EDB32001F5799 /* PBG1.png in Resources */,
				183C473B1F9E39620007D4F6 /* 寒露.png in Resources */,
				1835001F1F9EDB32001F5799 /* PBG11.png in Resources */,
				183C47551F9E39620007D4F6 /* 赏析未选中.png in Resources */,
				183C47391F9E39620007D4F6 /* 大暑.png in Resources */,
				183500461F9EDB32001F5799 /* 登录.png in Resources */,
				183C474C1F9E39620007D4F6 /* 秋分.png in Resources */,
				183500371F9EDB32001F5799 /* 引导页2.png in Resources */,
				183500341F9EDB32001F5799 /* 启动页5.5.png in Resources */,
				183C47501F9E39620007D4F6 /* 立秋.png in Resources */,
				183500301F9EDB32001F5799 /* 删除印章.png in Resources */,
				1835002D1F9EDB32001F5799 /* PBG8.png in Resources */,
				183500271F9EDB32001F5799 /* PBG2.png in Resources */,
				183C473E1F9E39620007D4F6 /* 小满.png in Resources */,
				183C47351F9E39620007D4F6 /* 处暑.png in Resources */,
				183C473A1F9E39620007D4F6 /* 大雪.png in Resources */,
				1835003A1F9EDB32001F5799 /* 引导页5.png in Resources */,
				183C47561F9E39620007D4F6 /* 赏析选中.png in Resources */,
				0409EEF31E854E7F00DB2596 /* LaunchScreen.storyboard in Resources */,
				183C47401F9E39620007D4F6 /* 帘子右.png in Resources */,
				183C47491F9E39620007D4F6 /* 清明.png in Resources */,
				1835003F1F9EDB32001F5799 /* 方正清刻本悦宋简体.ttf in Resources */,
				183C47441F9E39620007D4F6 /* 方正清刻本悦宋简体.ttf in Resources */,
				183C474A1F9E39620007D4F6 /* 白露.png in Resources */,
				1835003E1F9EDB32001F5799 /* 按诵印章.png in Resources */,
				183500441F9EDB32001F5799 /* 注册按钮.png in Resources */,
				188AFBC21EB3954A00A4DD94 /* Assets.xcassets in Resources */,
				183500321F9EDB32001F5799 /* 启动页2x.png in Resources */,
				0409EEEE1E854E7F00DB2596 /* Main.storyboard in Resources */,
				183C473D1F9E39620007D4F6 /* 小暑.png in Resources */,
				1835003C1F9EDB32001F5799 /* 按删印章.png in Resources */,
				183500471F9EDB32001F5799 /* 登录按钮.png in Resources */,
				183500331F9EDB32001F5799 /* 启动页4.7.png in Resources */,
				1835001A1F9EDB32001F5799 /* icon2-58.png in Resources */,
				183C47381F9E39620007D4F6 /* 大寒.png in Resources */,
				183500281F9EDB32001F5799 /* PBG3.png in Resources */,
				183C472D1F9E39620007D4F6 /* 二.png in Resources */,
				183C47421F9E39620007D4F6 /* 康熙字典體(Demo).ttf in Resources */,
				183500201F9EDB32001F5799 /* PBG12.png in Resources */,
				183500351F9EDB32001F5799 /* 启动页retina4.png in Resources */,
				183C472B1F9E39620007D4F6 /* Rectangle 3.png in Resources */,
				183C475A1F9E39620007D4F6 /* 霜降.png in Resources */,
				183500411F9EDB32001F5799 /* 检验2.png in Resources */,
				183C47361F9E39620007D4F6 /* 夏.png in Resources */,
				183C47471F9E39620007D4F6 /* 春分.png in Resources */,
				183C47241F9E39620007D4F6 /* BG.png in Resources */,
				183C47341F9E39620007D4F6 /* 向左.png in Resources */,
				1835003D1F9EDB32001F5799 /* 按空印章.png in Resources */,
				1835003B1F9EDB32001F5799 /* 拼诗按钮.png in Resources */,
				183C47281F9E39620007D4F6 /* idle.png in Resources */,
				183C47301F9E39620007D4F6 /* 冬.png in Resources */,
				183500431F9EDB32001F5799 /* 注册.png in Resources */,
				183500361F9EDB32001F5799 /* 引导页1.png in Resources */,
				183500251F9EDB32001F5799 /* PBG17.png in Resources */,
				183500481F9EDB32001F5799 /* 诵印章.png in Resources */,
				183500381F9EDB32001F5799 /* 引导页3.png in Resources */,
				183C47591F9E39620007D4F6 /* 雨水.png in Resources */,
				183C47531F9E39620007D4F6 /* 译文选中.png in Resources */,
				1835002B1F9EDB32001F5799 /* PBG6.png in Resources */,
				183C473C1F9E39620007D4F6 /* 小寒.png in Resources */,
				183500421F9EDB32001F5799 /* 正确.png in Resources */,
				1835002F1F9EDB32001F5799 /* poemsentence.db in Resources */,
				183C47581F9E39620007D4F6 /* 返回主界面选中.png in Resources */,
				183C47511F9E39620007D4F6 /* 芒种.png in Resources */,
				1835002C1F9EDB32001F5799 /* PBG7.png in Resources */,
				183500401F9EDB32001F5799 /* 检验.png in Resources */,
				183500391F9EDB32001F5799 /* 引导页4.png in Resources */,
				183C47481F9E39620007D4F6 /* 未解锁.png in Resources */,
				1835001C1F9EDB32001F5799 /* icon2-87.png in Resources */,
				183C474E1F9E39620007D4F6 /* 立夏.png in Resources */,
				183500291F9EDB32001F5799 /* PBG4.png in Resources */,
				183C47431F9E39620007D4F6 /* 惊蛰.png in Resources */,
				183500451F9EDB32001F5799 /* 清空印章.png in Resources */,
				183C474F1F9E39620007D4F6 /* 立春.png in Resources */,
				1835002E1F9EDB32001F5799 /* PBG9.png in Resources */,
				1835001B1F9EDB32001F5799 /* icon2-80.png in Resources */,
				1835002A1F9EDB32001F5799 /* PBG5.png in Resources */,
				1835001E1F9EDB32001F5799 /* PBG10.png in Resources */,
				183500211F9EDB32001F5799 /* PBG13.png in Resources */,
				183C47291F9E39620007D4F6 /* noPoint.png in Resources */,
				183500491F9EDB32001F5799 /* 错误.png in Resources */,
				183C47461F9E39620007D4F6 /* 春.png in Resources */,
				183C47451F9E39620007D4F6 /* 方正苏新诗柳楷繁体.ttf in Resources */,
				183C472E1F9E39620007D4F6 /* 全文未选中.png in Resources */,
				183C472A1F9E39620007D4F6 /* point.png in Resources */,
				183C47541F9E39620007D4F6 /* 谷雨.png in Resources */,
				183C472F1F9E39620007D4F6 /* 全文选中.png in Resources */,
				183500241F9EDB32001F5799 /* PBG16.png in Resources */,
				183500311F9EDB32001F5799 /* 启动页1x.png in Resources */,
				183500181F9EDB32001F5799 /* icon2-120.png in Resources */,
				183C47571F9E39620007D4F6 /* 返回主界面未选中.png in Resources */,
				183C472C1F9E39620007D4F6 /* 一.png in Resources */,
				183C47371F9E39620007D4F6 /* 夏至.png in Resources */,
				183500231F9EDB32001F5799 /* PBG15.png in Resources */,
				183500191F9EDB32001F5799 /* icon2-180.png in Resources */,
				183C47331F9E39620007D4F6 /* 向右.png in Resources */,
				183C474B1F9E39620007D4F6 /* 秋.png in Resources */,
				183500221F9EDB32001F5799 /* PBG14.png in Resources */,
				183500261F9EDB32001F5799 /* PBG18.png in Resources */,
				183C47261F9E39620007D4F6 /* comment.png in Resources */,
				183C47521F9E39620007D4F6 /* 译文未选中.png in Resources */,
				183C47251F9E39620007D4F6 /* BGView1.png in Resources */,
				183C474D1F9E39620007D4F6 /* 立冬.png in Resources */,
			);
			runOnlyForDeploymentPostprocessing = 0;
		};
/* End PBXResourcesBuildPhase section */

/* Begin PBXShellScriptBuildPhase section */
		294862B72142633104D69113 /* [CP] Embed Pods Frameworks */ = {
			isa = PBXShellScriptBuildPhase;
			buildActionMask = 2147483647;
			files = (
			);
			inputPaths = (
				"${SRCROOT}/Pods/Target Support Files/Pods-诵诗/Pods-诵诗-frameworks.sh",
				"${BUILT_PRODUCTS_DIR}/CircleProgressView/CircleProgressView.framework",
				"${BUILT_PRODUCTS_DIR}/SnapKit/SnapKit.framework",
			);
			name = "[CP] Embed Pods Frameworks";
			outputPaths = (
				"${TARGET_BUILD_DIR}/${FRAMEWORKS_FOLDER_PATH}/CircleProgressView.framework",
				"${TARGET_BUILD_DIR}/${FRAMEWORKS_FOLDER_PATH}/SnapKit.framework",
			);
			runOnlyForDeploymentPostprocessing = 0;
			shellPath = /bin/sh;
			shellScript = "\"${SRCROOT}/Pods/Target Support Files/Pods-诵诗/Pods-诵诗-frameworks.sh\"\n";
			showEnvVarsInLog = 0;
		};
		5AE4BD72C74B4DF227BDE820 /* [CP] Copy Pods Resources */ = {
			isa = PBXShellScriptBuildPhase;
			buildActionMask = 2147483647;
			files = (
			);
			inputPaths = (
			);
			name = "[CP] Copy Pods Resources";
			outputPaths = (
			);
			runOnlyForDeploymentPostprocessing = 0;
			shellPath = /bin/sh;
			shellScript = "\"${SRCROOT}/Pods/Target Support Files/Pods-诵诗/Pods-诵诗-resources.sh\"\n";
			showEnvVarsInLog = 0;
		};
		81C0A744C63492B4F4F66CAB /* [CP] Check Pods Manifest.lock */ = {
			isa = PBXShellScriptBuildPhase;
			buildActionMask = 2147483647;
			files = (
			);
			inputPaths = (
				"${PODS_PODFILE_DIR_PATH}/Podfile.lock",
				"${PODS_ROOT}/Manifest.lock",
			);
			name = "[CP] Check Pods Manifest.lock";
			outputPaths = (
				"$(DERIVED_FILE_DIR)/Pods-诵诗-checkManifestLockResult.txt",
			);
			runOnlyForDeploymentPostprocessing = 0;
			shellPath = /bin/sh;
			shellScript = "diff \"${PODS_PODFILE_DIR_PATH}/Podfile.lock\" \"${PODS_ROOT}/Manifest.lock\" > /dev/null\nif [ $? != 0 ] ; then\n    # print error to STDERR\n    echo \"error: The sandbox is not in sync with the Podfile.lock. Run 'pod install' or update your CocoaPods installation.\" >&2\n    exit 1\nfi\n# This output is used by Xcode 'outputs' to avoid re-running this script phase.\necho \"SUCCESS\" > \"${SCRIPT_OUTPUT_FILE_0}\"\n";
			showEnvVarsInLog = 0;
		};
/* End PBXShellScriptBuildPhase section */

/* Begin PBXSourcesBuildPhase section */
		0409EEE11E854E7F00DB2596 /* Sources */ = {
			isa = PBXSourcesBuildPhase;
			buildActionMask = 2147483647;
			files = (
				183C47841F9E44120007D4F6 /* Player.swift in Sources */,
				183C47671F9E39620007D4F6 /* ViewController.swift in Sources */,
				183C476E1F9E39620007D4F6 /* SQLiteDB.swift in Sources */,
				183C475B1F9E39620007D4F6 /* commentTableViewCell.swift in Sources */,
				183C47831F9E44120007D4F6 /* Match.swift in Sources */,
				183C476B1F9E39620007D4F6 /* AlbumImagePickerTableViewCell.swift in Sources */,
				183C47641F9E39620007D4F6 /* searchViewController.swift in Sources */,
				183C47681F9E39620007D4F6 /* AlbumImageCollectionViewCell.swift in Sources */,
				183C47621F9E39620007D4F6 /* loginViewController.swift in Sources */,
				183C47631F9E39620007D4F6 /* registerViewController.swift in Sources */,
				183C47601F9E39620007D4F6 /* informationViewController.swift in Sources */,
				183C47691F9E39620007D4F6 /* AlbumImageCollectionViewController.swift in Sources */,
				183C477D1F9E44120007D4F6 /* Extensions.swift in Sources */,
				183C47701F9E39620007D4F6 /* CircleProgressView.m in Sources */,
				183C475E1F9E39620007D4F6 /* explainViewController.swift in Sources */,
				183C477F1F9E44120007D4F6 /* gamemViewController.swift in Sources */,
				183C47711F9E39620007D4F6 /* CircleProgressView.swift in Sources */,
				183C475D1F9E39620007D4F6 /* entranceViewController.swift in Sources */,
				183C47661F9E39620007D4F6 /* singleViewController.swift in Sources */,
				183C476F1F9E39620007D4F6 /* SQLTable.swift in Sources */,
				183C476A1F9E39620007D4F6 /* AlbumImageCompleteButton.swift in Sources */,
				183C47851F9E44120007D4F6 /* Action.swift in Sources */,
				183C47821F9E44120007D4F6 /* GameSelection.swift in Sources */,
				183C47611F9E39620007D4F6 /* LevelsViewController.swift in Sources */,
				183C475F1F9E39620007D4F6 /* GuideViewController.swift in Sources */,
				183C476D1F9E39620007D4F6 /* PhotoCollectionViewCell.swift in Sources */,
				183C476C1F9E39620007D4F6 /* AlbumImagePickerViewController.swift in Sources */,
				183C47651F9E39620007D4F6 /* secondView.swift in Sources */,
				183C47801F9E44120007D4F6 /* GameCenterMatch.swift in Sources */,
				183C477C1F9E44120007D4F6 /* LocalMatch.swift in Sources */,
				183C477E1F9E44120007D4F6 /* Game.swift in Sources */,
				0409EEE91E854E7F00DB2596 /* AppDelegate.swift in Sources */,
				183C475C1F9E39620007D4F6 /* commentViewController.swift in Sources */,
				183C47811F9E44120007D4F6 /* gameLeadViewController.swift in Sources */,
			);
			runOnlyForDeploymentPostprocessing = 0;
		};
/* End PBXSourcesBuildPhase section */

/* Begin PBXVariantGroup section */
		0409EEEC1E854E7F00DB2596 /* Main.storyboard */ = {
			isa = PBXVariantGroup;
			children = (
				0409EEED1E854E7F00DB2596 /* Base */,
			);
			name = Main.storyboard;
			sourceTree = "<group>";
		};
		0409EEF11E854E7F00DB2596 /* LaunchScreen.storyboard */ = {
			isa = PBXVariantGroup;
			children = (
				0409EEF21E854E7F00DB2596 /* Base */,
			);
			name = LaunchScreen.storyboard;
			sourceTree = "<group>";
		};
/* End PBXVariantGroup section */

/* Begin XCBuildConfiguration section */
		0409EEF51E854E7F00DB2596 /* Debug */ = {
			isa = XCBuildConfiguration;
			buildSettings = {
				ALWAYS_SEARCH_USER_PATHS = NO;
				CLANG_ANALYZER_NONNULL = YES;
				CLANG_CXX_LANGUAGE_STANDARD = "gnu++0x";
				CLANG_CXX_LIBRARY = "libc++";
				CLANG_ENABLE_MODULES = YES;
				CLANG_ENABLE_OBJC_ARC = YES;
				CLANG_WARN_BOOL_CONVERSION = YES;
				CLANG_WARN_CONSTANT_CONVERSION = YES;
				CLANG_WARN_DIRECT_OBJC_ISA_USAGE = YES_ERROR;
				CLANG_WARN_DOCUMENTATION_COMMENTS = YES;
				CLANG_WARN_EMPTY_BODY = YES;
				CLANG_WARN_ENUM_CONVERSION = YES;
				CLANG_WARN_INFINITE_RECURSION = YES;
				CLANG_WARN_INT_CONVERSION = YES;
				CLANG_WARN_OBJC_ROOT_CLASS = YES_ERROR;
				CLANG_WARN_SUSPICIOUS_MOVE = YES;
				CLANG_WARN_UNREACHABLE_CODE = YES;
				CLANG_WARN__DUPLICATE_METHOD_MATCH = YES;
				"CODE_SIGN_IDENTITY[sdk=iphoneos*]" = "iPhone Developer";
				COPY_PHASE_STRIP = NO;
				DEBUG_INFORMATION_FORMAT = dwarf;
				ENABLE_STRICT_OBJC_MSGSEND = YES;
				ENABLE_TESTABILITY = YES;
				GCC_C_LANGUAGE_STANDARD = gnu99;
				GCC_DYNAMIC_NO_PIC = NO;
				GCC_NO_COMMON_BLOCKS = YES;
				GCC_OPTIMIZATION_LEVEL = 0;
				GCC_PREPROCESSOR_DEFINITIONS = (
					"DEBUG=1",
					"$(inherited)",
				);
				GCC_WARN_64_TO_32_BIT_CONVERSION = YES;
				GCC_WARN_ABOUT_RETURN_TYPE = YES_ERROR;
				GCC_WARN_UNDECLARED_SELECTOR = YES;
				GCC_WARN_UNINITIALIZED_AUTOS = YES_AGGRESSIVE;
				GCC_WARN_UNUSED_FUNCTION = YES;
				GCC_WARN_UNUSED_VARIABLE = YES;
				IPHONEOS_DEPLOYMENT_TARGET = 10.2;
				MTL_ENABLE_DEBUG_INFO = YES;
				ONLY_ACTIVE_ARCH = YES;
				SDKROOT = iphoneos;
				SWIFT_ACTIVE_COMPILATION_CONDITIONS = DEBUG;
				SWIFT_OPTIMIZATION_LEVEL = "-Onone";
			};
			name = Debug;
		};
		0409EEF61E854E7F00DB2596 /* Release */ = {
			isa = XCBuildConfiguration;
			buildSettings = {
				ALWAYS_SEARCH_USER_PATHS = NO;
				CLANG_ANALYZER_NONNULL = YES;
				CLANG_CXX_LANGUAGE_STANDARD = "gnu++0x";
				CLANG_CXX_LIBRARY = "libc++";
				CLANG_ENABLE_MODULES = YES;
				CLANG_ENABLE_OBJC_ARC = YES;
				CLANG_WARN_BOOL_CONVERSION = YES;
				CLANG_WARN_CONSTANT_CONVERSION = YES;
				CLANG_WARN_DIRECT_OBJC_ISA_USAGE = YES_ERROR;
				CLANG_WARN_DOCUMENTATION_COMMENTS = YES;
				CLANG_WARN_EMPTY_BODY = YES;
				CLANG_WARN_ENUM_CONVERSION = YES;
				CLANG_WARN_INFINITE_RECURSION = YES;
				CLANG_WARN_INT_CONVERSION = YES;
				CLANG_WARN_OBJC_ROOT_CLASS = YES_ERROR;
				CLANG_WARN_SUSPICIOUS_MOVE = YES;
				CLANG_WARN_UNREACHABLE_CODE = YES;
				CLANG_WARN__DUPLICATE_METHOD_MATCH = YES;
				"CODE_SIGN_IDENTITY[sdk=iphoneos*]" = "iPhone Developer";
				COPY_PHASE_STRIP = NO;
				DEBUG_INFORMATION_FORMAT = "dwarf-with-dsym";
				ENABLE_NS_ASSERTIONS = NO;
				ENABLE_STRICT_OBJC_MSGSEND = YES;
				GCC_C_LANGUAGE_STANDARD = gnu99;
				GCC_NO_COMMON_BLOCKS = YES;
				GCC_WARN_64_TO_32_BIT_CONVERSION = YES;
				GCC_WARN_ABOUT_RETURN_TYPE = YES_ERROR;
				GCC_WARN_UNDECLARED_SELECTOR = YES;
				GCC_WARN_UNINITIALIZED_AUTOS = YES_AGGRESSIVE;
				GCC_WARN_UNUSED_FUNCTION = YES;
				GCC_WARN_UNUSED_VARIABLE = YES;
				IPHONEOS_DEPLOYMENT_TARGET = 10.2;
				MTL_ENABLE_DEBUG_INFO = NO;
				SDKROOT = iphoneos;
				SWIFT_OPTIMIZATION_LEVEL = "-Owholemodule";
				VALIDATE_PRODUCT = YES;
			};
			name = Release;
		};
		0409EEF81E854E7F00DB2596 /* Debug */ = {
			isa = XCBuildConfiguration;
			baseConfigurationReference = 9C366B4E3BBFE73DC23E5A5F /* Pods-诵诗.debug.xcconfig */;
			buildSettings = {
				ASSETCATALOG_COMPILER_APPICON_NAME = AppIcon;
				DEVELOPMENT_TEAM = 2XYAGB2947;
				FRAMEWORK_SEARCH_PATHS = (
					"$(inherited)",
					"$(PROJECT_DIR)",
				);
				INFOPLIST_FILE = "诵诗/Info.plist";
				IPHONEOS_DEPLOYMENT_TARGET = 10.1;
				LD_RUNPATH_SEARCH_PATHS = "$(inherited) @executable_path/Frameworks";
				PRODUCT_BUNDLE_IDENTIFIER = com.tac.songshi;
				PRODUCT_NAME = "$(TARGET_NAME)";
				SWIFT_DISABLE_SAFETY_CHECKS = NO;
				SWIFT_OBJC_BRIDGING_HEADER = SQLiteBridge.h;
				SWIFT_VERSION = 4.0;
				TARGETED_DEVICE_FAMILY = "1,2";
			};
			name = Debug;
		};
		0409EEF91E854E7F00DB2596 /* Release */ = {
			isa = XCBuildConfiguration;
			baseConfigurationReference = 7B63F10DABCA5DF68A60B27C /* Pods-诵诗.release.xcconfig */;
			buildSettings = {
				ASSETCATALOG_COMPILER_APPICON_NAME = AppIcon;
				DEVELOPMENT_TEAM = 2XYAGB2947;
				FRAMEWORK_SEARCH_PATHS = (
					"$(inherited)",
					"$(PROJECT_DIR)",
				);
				INFOPLIST_FILE = "诵诗/Info.plist";
				IPHONEOS_DEPLOYMENT_TARGET = 10.1;
				LD_RUNPATH_SEARCH_PATHS = "$(inherited) @executable_path/Frameworks";
				PRODUCT_BUNDLE_IDENTIFIER = com.tac.songshi;
				PRODUCT_NAME = "$(TARGET_NAME)";
				SWIFT_DISABLE_SAFETY_CHECKS = NO;
				SWIFT_OBJC_BRIDGING_HEADER = SQLiteBridge.h;
				SWIFT_VERSION = 4.0;
				TARGETED_DEVICE_FAMILY = "1,2";
			};
			name = Release;
		};
/* End XCBuildConfiguration section */

/* Begin XCConfigurationList section */
		0409EEE01E854E7F00DB2596 /* Build configuration list for PBXProject "诵诗" */ = {
			isa = XCConfigurationList;
			buildConfigurations = (
				0409EEF51E854E7F00DB2596 /* Debug */,
				0409EEF61E854E7F00DB2596 /* Release */,
			);
			defaultConfigurationIsVisible = 0;
			defaultConfigurationName = Release;
		};
		0409EEF71E854E7F00DB2596 /* Build configuration list for PBXNativeTarget "诵诗" */ = {
			isa = XCConfigurationList;
			buildConfigurations = (
				0409EEF81E854E7F00DB2596 /* Debug */,
				0409EEF91E854E7F00DB2596 /* Release */,
			);
			defaultConfigurationIsVisible = 0;
			defaultConfigurationName = Release;
		};
/* End XCConfigurationList section */
	};
	rootObject = 0409EEDD1E854E7F00DB2596 /* Project object */;
}
