// !$*UTF8*$!
{
	archiveVersion = 1;
	classes = {
	};
	objectVersion = 46;
	objects = {

/* Begin PBXBuildFile section */
		0409EEE91E854E7F00DB2596 /* AppDelegate.swift in Sources */ = {isa = PBXBuildFile; fileRef = 0409EEE81E854E7F00DB2596 /* AppDelegate.swift */; };
		0409EEEB1E854E7F00DB2596 /* ViewController.swift in Sources */ = {isa = PBXBuildFile; fileRef = 0409EEEA1E854E7F00DB2596 /* ViewController.swift */; };
		0409EEEE1E854E7F00DB2596 /* Main.storyboard in Resources */ = {isa = PBXBuildFile; fileRef = 0409EEEC1E854E7F00DB2596 /* Main.storyboard */; };
		0409EEF31E854E7F00DB2596 /* LaunchScreen.storyboard in Resources */ = {isa = PBXBuildFile; fileRef = 0409EEF11E854E7F00DB2596 /* LaunchScreen.storyboard */; };
		0409EEFB1E854E9800DB2596 /* LevelsViewController.swift in Sources */ = {isa = PBXBuildFile; fileRef = 0409EEFA1E854E9800DB2596 /* LevelsViewController.swift */; };
		0409EF2E1E854F6100DB2596 /* 冬.png in Resources */ = {isa = PBXBuildFile; fileRef = 0409EF111E854F6000DB2596 /* 冬.png */; };
		0409EF2F1E854F6100DB2596 /* 冬至.png in Resources */ = {isa = PBXBuildFile; fileRef = 0409EF121E854F6000DB2596 /* 冬至.png */; };
		0409EF301E854F6100DB2596 /* 处暑.png in Resources */ = {isa = PBXBuildFile; fileRef = 0409EF131E854F6000DB2596 /* 处暑.png */; };
		0409EF311E854F6100DB2596 /* 夏.png in Resources */ = {isa = PBXBuildFile; fileRef = 0409EF141E854F6000DB2596 /* 夏.png */; };
		0409EF321E854F6100DB2596 /* 夏至.png in Resources */ = {isa = PBXBuildFile; fileRef = 0409EF151E854F6000DB2596 /* 夏至.png */; };
		0409EF331E854F6100DB2596 /* 大寒.png in Resources */ = {isa = PBXBuildFile; fileRef = 0409EF161E854F6000DB2596 /* 大寒.png */; };
		0409EF341E854F6100DB2596 /* 大暑.png in Resources */ = {isa = PBXBuildFile; fileRef = 0409EF171E854F6000DB2596 /* 大暑.png */; };
		0409EF351E854F6100DB2596 /* 大雪.png in Resources */ = {isa = PBXBuildFile; fileRef = 0409EF181E854F6000DB2596 /* 大雪.png */; };
		0409EF361E854F6100DB2596 /* 寒露.png in Resources */ = {isa = PBXBuildFile; fileRef = 0409EF191E854F6000DB2596 /* 寒露.png */; };
		0409EF371E854F6100DB2596 /* 小寒.png in Resources */ = {isa = PBXBuildFile; fileRef = 0409EF1A1E854F6000DB2596 /* 小寒.png */; };
		0409EF381E854F6100DB2596 /* 小暑.png in Resources */ = {isa = PBXBuildFile; fileRef = 0409EF1B1E854F6000DB2596 /* 小暑.png */; };
		0409EF391E854F6100DB2596 /* 小满.png in Resources */ = {isa = PBXBuildFile; fileRef = 0409EF1C1E854F6000DB2596 /* 小满.png */; };
		0409EF3A1E854F6100DB2596 /* 小雪.png in Resources */ = {isa = PBXBuildFile; fileRef = 0409EF1D1E854F6000DB2596 /* 小雪.png */; };
		0409EF3B1E854F6100DB2596 /* 惊蛰.png in Resources */ = {isa = PBXBuildFile; fileRef = 0409EF1E1E854F6000DB2596 /* 惊蛰.png */; };
		0409EF3C1E854F6100DB2596 /* 春.png in Resources */ = {isa = PBXBuildFile; fileRef = 0409EF1F1E854F6000DB2596 /* 春.png */; };
		0409EF3D1E854F6100DB2596 /* 春分.png in Resources */ = {isa = PBXBuildFile; fileRef = 0409EF201E854F6000DB2596 /* 春分.png */; };
		0409EF3E1E854F6100DB2596 /* 清明.png in Resources */ = {isa = PBXBuildFile; fileRef = 0409EF211E854F6000DB2596 /* 清明.png */; };
		0409EF3F1E854F6100DB2596 /* 白露.png in Resources */ = {isa = PBXBuildFile; fileRef = 0409EF221E854F6000DB2596 /* 白露.png */; };
		0409EF401E854F6100DB2596 /* 秋.png in Resources */ = {isa = PBXBuildFile; fileRef = 0409EF231E854F6000DB2596 /* 秋.png */; };
		0409EF411E854F6100DB2596 /* 秋分.png in Resources */ = {isa = PBXBuildFile; fileRef = 0409EF241E854F6000DB2596 /* 秋分.png */; };
		0409EF421E854F6100DB2596 /* 立冬.png in Resources */ = {isa = PBXBuildFile; fileRef = 0409EF251E854F6000DB2596 /* 立冬.png */; };
		0409EF431E854F6100DB2596 /* 立夏.png in Resources */ = {isa = PBXBuildFile; fileRef = 0409EF261E854F6000DB2596 /* 立夏.png */; };
		0409EF441E854F6100DB2596 /* 立春.png in Resources */ = {isa = PBXBuildFile; fileRef = 0409EF271E854F6000DB2596 /* 立春.png */; };
		0409EF451E854F6100DB2596 /* 立秋.png in Resources */ = {isa = PBXBuildFile; fileRef = 0409EF281E854F6000DB2596 /* 立秋.png */; };
		0409EF461E854F6100DB2596 /* 芒种.png in Resources */ = {isa = PBXBuildFile; fileRef = 0409EF291E854F6000DB2596 /* 芒种.png */; };
		0409EF471E854F6100DB2596 /* 谷雨.png in Resources */ = {isa = PBXBuildFile; fileRef = 0409EF2A1E854F6000DB2596 /* 谷雨.png */; };
		0409EF481E854F6100DB2596 /* 雨水.png in Resources */ = {isa = PBXBuildFile; fileRef = 0409EF2B1E854F6000DB2596 /* 雨水.png */; };
		0409EF491E854F6100DB2596 /* 霜降.png in Resources */ = {isa = PBXBuildFile; fileRef = 0409EF2C1E854F6000DB2596 /* 霜降.png */; };
		0409EF4B1E854F8200DB2596 /* 康熙字典體(Demo).ttf in Resources */ = {isa = PBXBuildFile; fileRef = 0409EF4A1E854F8200DB2596 /* 康熙字典體(Demo).ttf */; };
		0477BFC51EA8941F009B7B25 /* explainViewController.swift in Sources */ = {isa = PBXBuildFile; fileRef = 0477BFC41EA8941F009B7B25 /* explainViewController.swift */; };
		0477BFD01EAC6BB0009B7B25 /* 赏析选中.png in Resources */ = {isa = PBXBuildFile; fileRef = 0477BFCE1EAC6BB0009B7B25 /* 赏析选中.png */; };
		0477BFD11EAC6BB0009B7B25 /* 赏析未选中.png in Resources */ = {isa = PBXBuildFile; fileRef = 0477BFCF1EAC6BB0009B7B25 /* 赏析未选中.png */; };
		0477BFE71EB1C8BE009B7B25 /* 未解锁.png in Resources */ = {isa = PBXBuildFile; fileRef = 0477BFE61EB1C8BE009B7B25 /* 未解锁.png */; };
		04B2FF6F1E8917C200753E38 /* BG.png in Resources */ = {isa = PBXBuildFile; fileRef = 04B2FF6E1E8917C200753E38 /* BG.png */; };
		04B512281EA6609500E986A0 /* 二.png in Resources */ = {isa = PBXBuildFile; fileRef = 04B512261EA6609500E986A0 /* 二.png */; };
		04B512291EA6609500E986A0 /* 一.png in Resources */ = {isa = PBXBuildFile; fileRef = 04B512271EA6609500E986A0 /* 一.png */; };
		04B512721EA7004B00E986A0 /* libsqlite3.0.tbd in Frameworks */ = {isa = PBXBuildFile; fileRef = 04B512711EA7004B00E986A0 /* libsqlite3.0.tbd */; };
		04B512741EA7024900E986A0 /* libsqlite3.tbd in Frameworks */ = {isa = PBXBuildFile; fileRef = 04B512731EA7024900E986A0 /* libsqlite3.tbd */; };
		04D171531F2B65850050CD92 /* 帘子左.png in Resources */ = {isa = PBXBuildFile; fileRef = 04D171521F2B65850050CD92 /* 帘子左.png */; };
		04D171571F2B65C80050CD92 /* 方正苏新诗柳楷繁体.ttf in Resources */ = {isa = PBXBuildFile; fileRef = 04D171561F2B65C80050CD92 /* 方正苏新诗柳楷繁体.ttf */; };
		04D171591F2B67CE0050CD92 /* 印章.png in Resources */ = {isa = PBXBuildFile; fileRef = 04D171581F2B67CE0050CD92 /* 印章.png */; };
		04D1715B1F2B691C0050CD92 /* 帘子右.png in Resources */ = {isa = PBXBuildFile; fileRef = 04D1715A1F2B691C0050CD92 /* 帘子右.png */; };
		04D1715D1F2B6A0E0050CD92 /* noPoint.png in Resources */ = {isa = PBXBuildFile; fileRef = 04D1715C1F2B6A0E0050CD92 /* noPoint.png */; };
		04D1715F1F2B6A580050CD92 /* point.png in Resources */ = {isa = PBXBuildFile; fileRef = 04D1715E1F2B6A580050CD92 /* point.png */; };
		04D171631F2B75B20050CD92 /* entranceViewController.swift in Sources */ = {isa = PBXBuildFile; fileRef = 04D171621F2B75B20050CD92 /* entranceViewController.swift */; };
		04D171661F2C5AFB0050CD92 /* 向左.png in Resources */ = {isa = PBXBuildFile; fileRef = 04D171641F2C5AFB0050CD92 /* 向左.png */; };
		04D171671F2C5AFC0050CD92 /* 向右.png in Resources */ = {isa = PBXBuildFile; fileRef = 04D171651F2C5AFB0050CD92 /* 向右.png */; };
		04D1716B1F2DA29E0050CD92 /* secondView.swift in Sources */ = {isa = PBXBuildFile; fileRef = 04D1716A1F2DA29E0050CD92 /* secondView.swift */; };
		1811E60E1EAF808D000080B6 /* 正确.png in Resources */ = {isa = PBXBuildFile; fileRef = 1811E60B1EAF808D000080B6 /* 正确.png */; };
		1811E60F1EAF808D000080B6 /* 错误.png in Resources */ = {isa = PBXBuildFile; fileRef = 1811E60C1EAF808D000080B6 /* 错误.png */; };
		1811E6101EAF808D000080B6 /* 检验.png in Resources */ = {isa = PBXBuildFile; fileRef = 1811E60D1EAF808D000080B6 /* 检验.png */; };
		1811E6131EAF856F000080B6 /* 返回主界面选中.png in Resources */ = {isa = PBXBuildFile; fileRef = 1811E6111EAF856F000080B6 /* 返回主界面选中.png */; };
		1811E6141EAF856F000080B6 /* 返回主界面未选中.png in Resources */ = {isa = PBXBuildFile; fileRef = 1811E6121EAF856F000080B6 /* 返回主界面未选中.png */; };
		1811E61C1EB0AD9B000080B6 /* 引导页5.png in Resources */ = {isa = PBXBuildFile; fileRef = 1811E6161EB0AD9B000080B6 /* 引导页5.png */; };
		1811E61D1EB0AD9B000080B6 /* 引导页4.png in Resources */ = {isa = PBXBuildFile; fileRef = 1811E6171EB0AD9B000080B6 /* 引导页4.png */; };
		1811E61E1EB0AD9B000080B6 /* 引导页3.png in Resources */ = {isa = PBXBuildFile; fileRef = 1811E6181EB0AD9B000080B6 /* 引导页3.png */; };
		1811E61F1EB0AD9B000080B6 /* 引导页1.png in Resources */ = {isa = PBXBuildFile; fileRef = 1811E6191EB0AD9B000080B6 /* 引导页1.png */; };
		1811E6201EB0AD9B000080B6 /* 引导页2.png in Resources */ = {isa = PBXBuildFile; fileRef = 1811E61A1EB0AD9B000080B6 /* 引导页2.png */; };
		181B0F001EAE13110034E12B /* 全文未选中.png in Resources */ = {isa = PBXBuildFile; fileRef = 181B0EFF1EAE13110034E12B /* 全文未选中.png */; };
		181B0F021EAE16A90034E12B /* 全文选中.png in Resources */ = {isa = PBXBuildFile; fileRef = 181B0F011EAE16A90034E12B /* 全文选中.png */; };
		181B0F091EAE19090034E12B /* 译文未选中.png in Resources */ = {isa = PBXBuildFile; fileRef = 181B0F071EAE19090034E12B /* 译文未选中.png */; };
		181B0F0A1EAE19090034E12B /* 译文选中.png in Resources */ = {isa = PBXBuildFile; fileRef = 181B0F081EAE19090034E12B /* 译文选中.png */; };
		181D1AF71EAD9E4400D806FD /* 方正清刻本悦宋简体.ttf in Resources */ = {isa = PBXBuildFile; fileRef = 181D1AF61EAD9E4400D806FD /* 方正清刻本悦宋简体.ttf */; };
		181D1AFC1EADB4A600D806FD /* 按诵印章.png in Resources */ = {isa = PBXBuildFile; fileRef = 181D1AFA1EADB4A600D806FD /* 按诵印章.png */; };
		181D1AFD1EADB4A600D806FD /* 诵印章.png in Resources */ = {isa = PBXBuildFile; fileRef = 181D1AFB1EADB4A600D806FD /* 诵印章.png */; };
		18786E121EB200C100351C3C /* BGView1.png in Resources */ = {isa = PBXBuildFile; fileRef = 18786E111EB200C100351C3C /* BGView1.png */; };
		18786E141EB20D6400351C3C /* poemsentence.db in Resources */ = {isa = PBXBuildFile; fileRef = 18786E131EB20D6400351C3C /* poemsentence.db */; };
		188AFBC21EB3954A00A4DD94 /* Assets.xcassets in Resources */ = {isa = PBXBuildFile; fileRef = 188AFBC11EB3954A00A4DD94 /* Assets.xcassets */; };
		188AFBC81EB3955D00A4DD94 /* icon2-58.png in Resources */ = {isa = PBXBuildFile; fileRef = 188AFBC31EB3955D00A4DD94 /* icon2-58.png */; };
		188AFBC91EB3955D00A4DD94 /* icon2-87.png in Resources */ = {isa = PBXBuildFile; fileRef = 188AFBC41EB3955D00A4DD94 /* icon2-87.png */; };
		188AFBCA1EB3955D00A4DD94 /* icon2-80.png in Resources */ = {isa = PBXBuildFile; fileRef = 188AFBC51EB3955D00A4DD94 /* icon2-80.png */; };
		188AFBCB1EB3955D00A4DD94 /* icon2-120.png in Resources */ = {isa = PBXBuildFile; fileRef = 188AFBC61EB3955D00A4DD94 /* icon2-120.png */; };
		188AFBCC1EB3955D00A4DD94 /* icon2-180.png in Resources */ = {isa = PBXBuildFile; fileRef = 188AFBC71EB3955D00A4DD94 /* icon2-180.png */; };
		188AFBD11EB3976400A4DD94 /* 启动页retina4.png in Resources */ = {isa = PBXBuildFile; fileRef = 188AFBCD1EB3976400A4DD94 /* 启动页retina4.png */; };
		188AFBD21EB3976400A4DD94 /* 启动页4.7.png in Resources */ = {isa = PBXBuildFile; fileRef = 188AFBCE1EB3976400A4DD94 /* 启动页4.7.png */; };
		188AFBD31EB3976400A4DD94 /* 启动页2x.png in Resources */ = {isa = PBXBuildFile; fileRef = 188AFBCF1EB3976400A4DD94 /* 启动页2x.png */; };
		188AFBD41EB3976400A4DD94 /* 启动页5.5.png in Resources */ = {isa = PBXBuildFile; fileRef = 188AFBD01EB3976400A4DD94 /* 启动页5.5.png */; };
		188AFBD61EB397AA00A4DD94 /* 启动页1x.png in Resources */ = {isa = PBXBuildFile; fileRef = 188AFBD51EB397AA00A4DD94 /* 启动页1x.png */; };
		188AFBD81EB39AB800A4DD94 /* singleViewController.swift in Sources */ = {isa = PBXBuildFile; fileRef = 188AFBD71EB39AB800A4DD94 /* singleViewController.swift */; };
		188AFBEB1EB39AD500A4DD94 /* PBG1.png in Resources */ = {isa = PBXBuildFile; fileRef = 188AFBD91EB39AD400A4DD94 /* PBG1.png */; };
		188AFBEC1EB39AD500A4DD94 /* PBG2.png in Resources */ = {isa = PBXBuildFile; fileRef = 188AFBDA1EB39AD400A4DD94 /* PBG2.png */; };
		188AFBED1EB39AD500A4DD94 /* PBG3.png in Resources */ = {isa = PBXBuildFile; fileRef = 188AFBDB1EB39AD400A4DD94 /* PBG3.png */; };
		188AFBEE1EB39AD500A4DD94 /* PBG4.png in Resources */ = {isa = PBXBuildFile; fileRef = 188AFBDC1EB39AD400A4DD94 /* PBG4.png */; };
		188AFBEF1EB39AD500A4DD94 /* PBG5.png in Resources */ = {isa = PBXBuildFile; fileRef = 188AFBDD1EB39AD400A4DD94 /* PBG5.png */; };
		188AFBF01EB39AD500A4DD94 /* PBG6.png in Resources */ = {isa = PBXBuildFile; fileRef = 188AFBDE1EB39AD400A4DD94 /* PBG6.png */; };
		188AFBF11EB39AD500A4DD94 /* PBG7.png in Resources */ = {isa = PBXBuildFile; fileRef = 188AFBDF1EB39AD400A4DD94 /* PBG7.png */; };
		188AFBF21EB39AD500A4DD94 /* PBG8.png in Resources */ = {isa = PBXBuildFile; fileRef = 188AFBE01EB39AD400A4DD94 /* PBG8.png */; };
		188AFBF31EB39AD500A4DD94 /* PBG9.png in Resources */ = {isa = PBXBuildFile; fileRef = 188AFBE11EB39AD500A4DD94 /* PBG9.png */; };
		188AFBF41EB39AD500A4DD94 /* PBG10.png in Resources */ = {isa = PBXBuildFile; fileRef = 188AFBE21EB39AD500A4DD94 /* PBG10.png */; };
		188AFBF51EB39AD500A4DD94 /* PBG11.png in Resources */ = {isa = PBXBuildFile; fileRef = 188AFBE31EB39AD500A4DD94 /* PBG11.png */; };
		188AFBF61EB39AD500A4DD94 /* PBG12.png in Resources */ = {isa = PBXBuildFile; fileRef = 188AFBE41EB39AD500A4DD94 /* PBG12.png */; };
		188AFBF71EB39AD500A4DD94 /* PBG13.png in Resources */ = {isa = PBXBuildFile; fileRef = 188AFBE51EB39AD500A4DD94 /* PBG13.png */; };
		188AFBF81EB39AD500A4DD94 /* PBG14.png in Resources */ = {isa = PBXBuildFile; fileRef = 188AFBE61EB39AD500A4DD94 /* PBG14.png */; };
		188AFBF91EB39AD500A4DD94 /* PBG15.png in Resources */ = {isa = PBXBuildFile; fileRef = 188AFBE71EB39AD500A4DD94 /* PBG15.png */; };
		188AFBFA1EB39AD500A4DD94 /* PBG16.png in Resources */ = {isa = PBXBuildFile; fileRef = 188AFBE81EB39AD500A4DD94 /* PBG16.png */; };
		188AFBFB1EB39AD500A4DD94 /* PBG17.png in Resources */ = {isa = PBXBuildFile; fileRef = 188AFBE91EB39AD500A4DD94 /* PBG17.png */; };
		188AFBFC1EB39AD500A4DD94 /* PBG18.png in Resources */ = {isa = PBXBuildFile; fileRef = 188AFBEA1EB39AD500A4DD94 /* PBG18.png */; };
		956453261F2DCF9D00E294EB /* GameKit.framework in Frameworks */ = {isa = PBXBuildFile; fileRef = 956453251F2DCF9D00E294EB /* GameKit.framework */; };
		959327EF1F30A6AC003FE266 /* CircleProgressView.swift in Sources */ = {isa = PBXBuildFile; fileRef = 959327ED1F30A6AC003FE266 /* CircleProgressView.swift */; };
		95C11F3B1EAF6DF600F94B4A /* GuideViewController.swift in Sources */ = {isa = PBXBuildFile; fileRef = 95C11F3A1EAF6DF600F94B4A /* GuideViewController.swift */; };
		95FC56E61F2E211F00DBF151 /* gamemViewController.swift in Sources */ = {isa = PBXBuildFile; fileRef = 95FC56E51F2E211F00DBF151 /* gamemViewController.swift */; };
		95FC56E81F2E2C9800DBF151 /* gameLeadViewController.swift in Sources */ = {isa = PBXBuildFile; fileRef = 95FC56E71F2E2C9800DBF151 /* gameLeadViewController.swift */; };
		95FC56EA1F2EDA1C00DBF151 /* Match.swift in Sources */ = {isa = PBXBuildFile; fileRef = 95FC56E91F2EDA1C00DBF151 /* Match.swift */; };
		95FC56EC1F2EDD3900DBF151 /* GameCenterMatch.swift in Sources */ = {isa = PBXBuildFile; fileRef = 95FC56EB1F2EDD3900DBF151 /* GameCenterMatch.swift */; };
		95FC56EE1F2F04B300DBF151 /* Extensions.swift in Sources */ = {isa = PBXBuildFile; fileRef = 95FC56ED1F2F04B300DBF151 /* Extensions.swift */; };
		95FC56F01F2F050F00DBF151 /* Game.swift in Sources */ = {isa = PBXBuildFile; fileRef = 95FC56EF1F2F050F00DBF151 /* Game.swift */; };
		95FC56F21F2F052000DBF151 /* Action.swift in Sources */ = {isa = PBXBuildFile; fileRef = 95FC56F11F2F052000DBF151 /* Action.swift */; };
		95FC56F41F2F052A00DBF151 /* Player.swift in Sources */ = {isa = PBXBuildFile; fileRef = 95FC56F31F2F052A00DBF151 /* Player.swift */; };
		95FC56F71F2F057D00DBF151 /* GameSelection.swift in Sources */ = {isa = PBXBuildFile; fileRef = 95FC56F61F2F057D00DBF151 /* GameSelection.swift */; };
		95FC56F91F2F077A00DBF151 /* LocalMatch.swift in Sources */ = {isa = PBXBuildFile; fileRef = 95FC56F81F2F077A00DBF151 /* LocalMatch.swift */; };
		E46DFBCB315474D6B86DB3C0 /* Pods___.framework in Frameworks */ = {isa = PBXBuildFile; fileRef = F77ED43EBF5F51EF55521842 /* Pods___.framework */; };
/* End PBXBuildFile section */

/* Begin PBXFileReference section */
		0409EEE51E854E7F00DB2596 /* 诵诗.app */ = {isa = PBXFileReference; explicitFileType = wrapper.application; includeInIndex = 0; path = "诵诗.app"; sourceTree = BUILT_PRODUCTS_DIR; };
		0409EEE81E854E7F00DB2596 /* AppDelegate.swift */ = {isa = PBXFileReference; lastKnownFileType = sourcecode.swift; path = AppDelegate.swift; sourceTree = "<group>"; };
		0409EEEA1E854E7F00DB2596 /* ViewController.swift */ = {isa = PBXFileReference; lastKnownFileType = sourcecode.swift; path = ViewController.swift; sourceTree = "<group>"; };
		0409EEED1E854E7F00DB2596 /* Base */ = {isa = PBXFileReference; lastKnownFileType = file.storyboard; name = Base; path = Base.lproj/Main.storyboard; sourceTree = "<group>"; };
		0409EEF21E854E7F00DB2596 /* Base */ = {isa = PBXFileReference; lastKnownFileType = file.storyboard; name = Base; path = Base.lproj/LaunchScreen.storyboard; sourceTree = "<group>"; };
		0409EEF41E854E7F00DB2596 /* Info.plist */ = {isa = PBXFileReference; lastKnownFileType = text.plist.xml; path = Info.plist; sourceTree = "<group>"; };
		0409EEFA1E854E9800DB2596 /* LevelsViewController.swift */ = {isa = PBXFileReference; fileEncoding = 4; lastKnownFileType = sourcecode.swift; path = LevelsViewController.swift; sourceTree = "<group>"; };
		0409EF111E854F6000DB2596 /* 冬.png */ = {isa = PBXFileReference; lastKnownFileType = image.png; path = "冬.png"; sourceTree = "<group>"; };
		0409EF121E854F6000DB2596 /* 冬至.png */ = {isa = PBXFileReference; lastKnownFileType = image.png; path = "冬至.png"; sourceTree = "<group>"; };
		0409EF131E854F6000DB2596 /* 处暑.png */ = {isa = PBXFileReference; lastKnownFileType = image.png; path = "处暑.png"; sourceTree = "<group>"; };
		0409EF141E854F6000DB2596 /* 夏.png */ = {isa = PBXFileReference; lastKnownFileType = image.png; path = "夏.png"; sourceTree = "<group>"; };
		0409EF151E854F6000DB2596 /* 夏至.png */ = {isa = PBXFileReference; lastKnownFileType = image.png; path = "夏至.png"; sourceTree = "<group>"; };
		0409EF161E854F6000DB2596 /* 大寒.png */ = {isa = PBXFileReference; lastKnownFileType = image.png; path = "大寒.png"; sourceTree = "<group>"; };
		0409EF171E854F6000DB2596 /* 大暑.png */ = {isa = PBXFileReference; lastKnownFileType = image.png; path = "大暑.png"; sourceTree = "<group>"; };
		0409EF181E854F6000DB2596 /* 大雪.png */ = {isa = PBXFileReference; lastKnownFileType = image.png; path = "大雪.png"; sourceTree = "<group>"; };
		0409EF191E854F6000DB2596 /* 寒露.png */ = {isa = PBXFileReference; lastKnownFileType = image.png; path = "寒露.png"; sourceTree = "<group>"; };
		0409EF1A1E854F6000DB2596 /* 小寒.png */ = {isa = PBXFileReference; lastKnownFileType = image.png; path = "小寒.png"; sourceTree = "<group>"; };
		0409EF1B1E854F6000DB2596 /* 小暑.png */ = {isa = PBXFileReference; lastKnownFileType = image.png; path = "小暑.png"; sourceTree = "<group>"; };
		0409EF1C1E854F6000DB2596 /* 小满.png */ = {isa = PBXFileReference; lastKnownFileType = image.png; path = "小满.png"; sourceTree = "<group>"; };
		0409EF1D1E854F6000DB2596 /* 小雪.png */ = {isa = PBXFileReference; lastKnownFileType = image.png; path = "小雪.png"; sourceTree = "<group>"; };
		0409EF1E1E854F6000DB2596 /* 惊蛰.png */ = {isa = PBXFileReference; lastKnownFileType = image.png; path = "惊蛰.png"; sourceTree = "<group>"; };
		0409EF1F1E854F6000DB2596 /* 春.png */ = {isa = PBXFileReference; lastKnownFileType = image.png; path = "春.png"; sourceTree = "<group>"; };
		0409EF201E854F6000DB2596 /* 春分.png */ = {isa = PBXFileReference; lastKnownFileType = image.png; path = "春分.png"; sourceTree = "<group>"; };
		0409EF211E854F6000DB2596 /* 清明.png */ = {isa = PBXFileReference; lastKnownFileType = image.png; path = "清明.png"; sourceTree = "<group>"; };
		0409EF221E854F6000DB2596 /* 白露.png */ = {isa = PBXFileReference; lastKnownFileType = image.png; path = "白露.png"; sourceTree = "<group>"; };
		0409EF231E854F6000DB2596 /* 秋.png */ = {isa = PBXFileReference; lastKnownFileType = image.png; path = "秋.png"; sourceTree = "<group>"; };
		0409EF241E854F6000DB2596 /* 秋分.png */ = {isa = PBXFileReference; lastKnownFileType = image.png; path = "秋分.png"; sourceTree = "<group>"; };
		0409EF251E854F6000DB2596 /* 立冬.png */ = {isa = PBXFileReference; lastKnownFileType = image.png; path = "立冬.png"; sourceTree = "<group>"; };
		0409EF261E854F6000DB2596 /* 立夏.png */ = {isa = PBXFileReference; lastKnownFileType = image.png; path = "立夏.png"; sourceTree = "<group>"; };
		0409EF271E854F6000DB2596 /* 立春.png */ = {isa = PBXFileReference; lastKnownFileType = image.png; path = "立春.png"; sourceTree = "<group>"; };
		0409EF281E854F6000DB2596 /* 立秋.png */ = {isa = PBXFileReference; lastKnownFileType = image.png; path = "立秋.png"; sourceTree = "<group>"; };
		0409EF291E854F6000DB2596 /* 芒种.png */ = {isa = PBXFileReference; lastKnownFileType = image.png; path = "芒种.png"; sourceTree = "<group>"; };
		0409EF2A1E854F6000DB2596 /* 谷雨.png */ = {isa = PBXFileReference; lastKnownFileType = image.png; path = "谷雨.png"; sourceTree = "<group>"; };
		0409EF2B1E854F6000DB2596 /* 雨水.png */ = {isa = PBXFileReference; lastKnownFileType = image.png; path = "雨水.png"; sourceTree = "<group>"; };
		0409EF2C1E854F6000DB2596 /* 霜降.png */ = {isa = PBXFileReference; lastKnownFileType = image.png; path = "霜降.png"; sourceTree = "<group>"; };
		0409EF4A1E854F8200DB2596 /* 康熙字典體(Demo).ttf */ = {isa = PBXFileReference; lastKnownFileType = file; name = "康熙字典體(Demo).ttf"; path = "../../康熙字典體(Demo).ttf"; sourceTree = "<group>"; };
		0477BFC41EA8941F009B7B25 /* explainViewController.swift */ = {isa = PBXFileReference; fileEncoding = 4; lastKnownFileType = sourcecode.swift; path = explainViewController.swift; sourceTree = "<group>"; };
		0477BFCE1EAC6BB0009B7B25 /* 赏析选中.png */ = {isa = PBXFileReference; lastKnownFileType = image.png; path = "赏析选中.png"; sourceTree = "<group>"; };
		0477BFCF1EAC6BB0009B7B25 /* 赏析未选中.png */ = {isa = PBXFileReference; lastKnownFileType = image.png; path = "赏析未选中.png"; sourceTree = "<group>"; };
		0477BFE61EB1C8BE009B7B25 /* 未解锁.png */ = {isa = PBXFileReference; lastKnownFileType = image.png; path = "未解锁.png"; sourceTree = "<group>"; };
		04B2FF6E1E8917C200753E38 /* BG.png */ = {isa = PBXFileReference; lastKnownFileType = image.png; path = BG.png; sourceTree = "<group>"; };
		04B512261EA6609500E986A0 /* 二.png */ = {isa = PBXFileReference; lastKnownFileType = image.png; path = "二.png"; sourceTree = "<group>"; };
		04B512271EA6609500E986A0 /* 一.png */ = {isa = PBXFileReference; lastKnownFileType = image.png; path = "一.png"; sourceTree = "<group>"; };
		04B512711EA7004B00E986A0 /* libsqlite3.0.tbd */ = {isa = PBXFileReference; lastKnownFileType = "sourcecode.text-based-dylib-definition"; name = libsqlite3.0.tbd; path = usr/lib/libsqlite3.0.tbd; sourceTree = SDKROOT; };
		04B512731EA7024900E986A0 /* libsqlite3.tbd */ = {isa = PBXFileReference; lastKnownFileType = "sourcecode.text-based-dylib-definition"; name = libsqlite3.tbd; path = usr/lib/libsqlite3.tbd; sourceTree = SDKROOT; };
		04D171521F2B65850050CD92 /* 帘子左.png */ = {isa = PBXFileReference; lastKnownFileType = image.png; path = "帘子左.png"; sourceTree = "<group>"; };
		04D171561F2B65C80050CD92 /* 方正苏新诗柳楷繁体.ttf */ = {isa = PBXFileReference; lastKnownFileType = file; path = "方正苏新诗柳楷繁体.ttf"; sourceTree = "<group>"; };
		04D171581F2B67CE0050CD92 /* 印章.png */ = {isa = PBXFileReference; lastKnownFileType = image.png; path = "印章.png"; sourceTree = "<group>"; };
		04D1715A1F2B691C0050CD92 /* 帘子右.png */ = {isa = PBXFileReference; lastKnownFileType = image.png; path = "帘子右.png"; sourceTree = "<group>"; };
		04D1715C1F2B6A0E0050CD92 /* noPoint.png */ = {isa = PBXFileReference; lastKnownFileType = image.png; path = noPoint.png; sourceTree = "<group>"; };
		04D1715E1F2B6A580050CD92 /* point.png */ = {isa = PBXFileReference; lastKnownFileType = image.png; path = point.png; sourceTree = "<group>"; };
		04D171621F2B75B20050CD92 /* entranceViewController.swift */ = {isa = PBXFileReference; fileEncoding = 4; lastKnownFileType = sourcecode.swift; path = entranceViewController.swift; sourceTree = "<group>"; };
		04D171641F2C5AFB0050CD92 /* 向左.png */ = {isa = PBXFileReference; lastKnownFileType = image.png; path = "向左.png"; sourceTree = "<group>"; };
		04D171651F2C5AFB0050CD92 /* 向右.png */ = {isa = PBXFileReference; lastKnownFileType = image.png; path = "向右.png"; sourceTree = "<group>"; };
		04D1716A1F2DA29E0050CD92 /* secondView.swift */ = {isa = PBXFileReference; fileEncoding = 4; lastKnownFileType = sourcecode.swift; path = secondView.swift; sourceTree = "<group>"; };
		1811E60B1EAF808D000080B6 /* 正确.png */ = {isa = PBXFileReference; lastKnownFileType = image.png; path = "正确.png"; sourceTree = "<group>"; };
		1811E60C1EAF808D000080B6 /* 错误.png */ = {isa = PBXFileReference; lastKnownFileType = image.png; path = "错误.png"; sourceTree = "<group>"; };
		1811E60D1EAF808D000080B6 /* 检验.png */ = {isa = PBXFileReference; lastKnownFileType = image.png; path = "检验.png"; sourceTree = "<group>"; };
		1811E6111EAF856F000080B6 /* 返回主界面选中.png */ = {isa = PBXFileReference; lastKnownFileType = image.png; path = "返回主界面选中.png"; sourceTree = "<group>"; };
		1811E6121EAF856F000080B6 /* 返回主界面未选中.png */ = {isa = PBXFileReference; lastKnownFileType = image.png; path = "返回主界面未选中.png"; sourceTree = "<group>"; };
		1811E6161EB0AD9B000080B6 /* 引导页5.png */ = {isa = PBXFileReference; lastKnownFileType = image.png; path = "引导页5.png"; sourceTree = "<group>"; };
		1811E6171EB0AD9B000080B6 /* 引导页4.png */ = {isa = PBXFileReference; lastKnownFileType = image.png; path = "引导页4.png"; sourceTree = "<group>"; };
		1811E6181EB0AD9B000080B6 /* 引导页3.png */ = {isa = PBXFileReference; lastKnownFileType = image.png; path = "引导页3.png"; sourceTree = "<group>"; };
		1811E6191EB0AD9B000080B6 /* 引导页1.png */ = {isa = PBXFileReference; lastKnownFileType = image.png; path = "引导页1.png"; sourceTree = "<group>"; };
		1811E61A1EB0AD9B000080B6 /* 引导页2.png */ = {isa = PBXFileReference; lastKnownFileType = image.png; path = "引导页2.png"; sourceTree = "<group>"; };
		181B0EFF1EAE13110034E12B /* 全文未选中.png */ = {isa = PBXFileReference; lastKnownFileType = image.png; path = "全文未选中.png"; sourceTree = "<group>"; };
		181B0F011EAE16A90034E12B /* 全文选中.png */ = {isa = PBXFileReference; lastKnownFileType = image.png; path = "全文选中.png"; sourceTree = "<group>"; };
		181B0F071EAE19090034E12B /* 译文未选中.png */ = {isa = PBXFileReference; lastKnownFileType = image.png; path = "译文未选中.png"; sourceTree = "<group>"; };
		181B0F081EAE19090034E12B /* 译文选中.png */ = {isa = PBXFileReference; lastKnownFileType = image.png; path = "译文选中.png"; sourceTree = "<group>"; };
		181D1AF61EAD9E4400D806FD /* 方正清刻本悦宋简体.ttf */ = {isa = PBXFileReference; lastKnownFileType = file; path = "方正清刻本悦宋简体.ttf"; sourceTree = "<group>"; };
		181D1AFA1EADB4A600D806FD /* 按诵印章.png */ = {isa = PBXFileReference; lastKnownFileType = image.png; path = "按诵印章.png"; sourceTree = "<group>"; };
		181D1AFB1EADB4A600D806FD /* 诵印章.png */ = {isa = PBXFileReference; lastKnownFileType = image.png; path = "诵印章.png"; sourceTree = "<group>"; };
		1821FBC71EAC8C24003478FF /* SQLiteBridge.h */ = {isa = PBXFileReference; lastKnownFileType = sourcecode.c.h; name = SQLiteBridge.h; path = ../SQLiteBridge.h; sourceTree = "<group>"; };
		18786E111EB200C100351C3C /* BGView1.png */ = {isa = PBXFileReference; lastKnownFileType = image.png; path = BGView1.png; sourceTree = "<group>"; };
		18786E131EB20D6400351C3C /* poemsentence.db */ = {isa = PBXFileReference; lastKnownFileType = file; path = poemsentence.db; sourceTree = "<group>"; };
		188AFBC11EB3954A00A4DD94 /* Assets.xcassets */ = {isa = PBXFileReference; lastKnownFileType = folder.assetcatalog; path = Assets.xcassets; sourceTree = "<group>"; };
		188AFBC31EB3955D00A4DD94 /* icon2-58.png */ = {isa = PBXFileReference; lastKnownFileType = image.png; path = "icon2-58.png"; sourceTree = "<group>"; };
		188AFBC41EB3955D00A4DD94 /* icon2-87.png */ = {isa = PBXFileReference; lastKnownFileType = image.png; path = "icon2-87.png"; sourceTree = "<group>"; };
		188AFBC51EB3955D00A4DD94 /* icon2-80.png */ = {isa = PBXFileReference; lastKnownFileType = image.png; path = "icon2-80.png"; sourceTree = "<group>"; };
		188AFBC61EB3955D00A4DD94 /* icon2-120.png */ = {isa = PBXFileReference; lastKnownFileType = image.png; path = "icon2-120.png"; sourceTree = "<group>"; };
		188AFBC71EB3955D00A4DD94 /* icon2-180.png */ = {isa = PBXFileReference; lastKnownFileType = image.png; path = "icon2-180.png"; sourceTree = "<group>"; };
		188AFBCD1EB3976400A4DD94 /* 启动页retina4.png */ = {isa = PBXFileReference; lastKnownFileType = image.png; path = "启动页retina4.png"; sourceTree = "<group>"; };
		188AFBCE1EB3976400A4DD94 /* 启动页4.7.png */ = {isa = PBXFileReference; lastKnownFileType = image.png; path = "启动页4.7.png"; sourceTree = "<group>"; };
		188AFBCF1EB3976400A4DD94 /* 启动页2x.png */ = {isa = PBXFileReference; lastKnownFileType = image.png; path = "启动页2x.png"; sourceTree = "<group>"; };
		188AFBD01EB3976400A4DD94 /* 启动页5.5.png */ = {isa = PBXFileReference; lastKnownFileType = image.png; path = "启动页5.5.png"; sourceTree = "<group>"; };
		188AFBD51EB397AA00A4DD94 /* 启动页1x.png */ = {isa = PBXFileReference; lastKnownFileType = image.png; path = "启动页1x.png"; sourceTree = "<group>"; };
		188AFBD71EB39AB800A4DD94 /* singleViewController.swift */ = {isa = PBXFileReference; fileEncoding = 4; lastKnownFileType = sourcecode.swift; path = singleViewController.swift; sourceTree = "<group>"; };
		188AFBD91EB39AD400A4DD94 /* PBG1.png */ = {isa = PBXFileReference; lastKnownFileType = image.png; path = PBG1.png; sourceTree = "<group>"; };
		188AFBDA1EB39AD400A4DD94 /* PBG2.png */ = {isa = PBXFileReference; lastKnownFileType = image.png; path = PBG2.png; sourceTree = "<group>"; };
		188AFBDB1EB39AD400A4DD94 /* PBG3.png */ = {isa = PBXFileReference; lastKnownFileType = image.png; path = PBG3.png; sourceTree = "<group>"; };
		188AFBDC1EB39AD400A4DD94 /* PBG4.png */ = {isa = PBXFileReference; lastKnownFileType = image.png; path = PBG4.png; sourceTree = "<group>"; };
		188AFBDD1EB39AD400A4DD94 /* PBG5.png */ = {isa = PBXFileReference; lastKnownFileType = image.png; path = PBG5.png; sourceTree = "<group>"; };
		188AFBDE1EB39AD400A4DD94 /* PBG6.png */ = {isa = PBXFileReference; lastKnownFileType = image.png; path = PBG6.png; sourceTree = "<group>"; };
		188AFBDF1EB39AD400A4DD94 /* PBG7.png */ = {isa = PBXFileReference; lastKnownFileType = image.png; path = PBG7.png; sourceTree = "<group>"; };
		188AFBE01EB39AD400A4DD94 /* PBG8.png */ = {isa = PBXFileReference; lastKnownFileType = image.png; path = PBG8.png; sourceTree = "<group>"; };
		188AFBE11EB39AD500A4DD94 /* PBG9.png */ = {isa = PBXFileReference; lastKnownFileType = image.png; path = PBG9.png; sourceTree = "<group>"; };
		188AFBE21EB39AD500A4DD94 /* PBG10.png */ = {isa = PBXFileReference; lastKnownFileType = image.png; path = PBG10.png; sourceTree = "<group>"; };
		188AFBE31EB39AD500A4DD94 /* PBG11.png */ = {isa = PBXFileReference; lastKnownFileType = image.png; path = PBG11.png; sourceTree = "<group>"; };
		188AFBE41EB39AD500A4DD94 /* PBG12.png */ = {isa = PBXFileReference; lastKnownFileType = image.png; path = PBG12.png; sourceTree = "<group>"; };
		188AFBE51EB39AD500A4DD94 /* PBG13.png */ = {isa = PBXFileReference; lastKnownFileType = image.png; path = PBG13.png; sourceTree = "<group>"; };
		188AFBE61EB39AD500A4DD94 /* PBG14.png */ = {isa = PBXFileReference; lastKnownFileType = image.png; path = PBG14.png; sourceTree = "<group>"; };
		188AFBE71EB39AD500A4DD94 /* PBG15.png */ = {isa = PBXFileReference; lastKnownFileType = image.png; path = PBG15.png; sourceTree = "<group>"; };
		188AFBE81EB39AD500A4DD94 /* PBG16.png */ = {isa = PBXFileReference; lastKnownFileType = image.png; path = PBG16.png; sourceTree = "<group>"; };
		188AFBE91EB39AD500A4DD94 /* PBG17.png */ = {isa = PBXFileReference; lastKnownFileType = image.png; path = PBG17.png; sourceTree = "<group>"; };
		188AFBEA1EB39AD500A4DD94 /* PBG18.png */ = {isa = PBXFileReference; lastKnownFileType = image.png; path = PBG18.png; sourceTree = "<group>"; };
		7B63F10DABCA5DF68A60B27C /* Pods-诵诗.release.xcconfig */ = {isa = PBXFileReference; includeInIndex = 1; lastKnownFileType = text.xcconfig; name = "Pods-诵诗.release.xcconfig"; path = "Pods/Target Support Files/Pods-诵诗/Pods-诵诗.release.xcconfig"; sourceTree = "<group>"; };
		956453241F2DCF9600E294EB /* 诵诗.entitlements */ = {isa = PBXFileReference; lastKnownFileType = text.plist.entitlements; path = "诵诗.entitlements"; sourceTree = "<group>"; };
		956453251F2DCF9D00E294EB /* GameKit.framework */ = {isa = PBXFileReference; lastKnownFileType = wrapper.framework; name = GameKit.framework; path = System/Library/Frameworks/GameKit.framework; sourceTree = SDKROOT; };
		959327EA1F30A6AC003FE266 /* CircleProgressView-Bridging-Header.h */ = {isa = PBXFileReference; fileEncoding = 4; lastKnownFileType = sourcecode.c.h; path = "CircleProgressView-Bridging-Header.h"; sourceTree = "<group>"; };
		959327EB1F30A6AC003FE266 /* CircleProgressView.h */ = {isa = PBXFileReference; fileEncoding = 4; lastKnownFileType = sourcecode.c.h; path = CircleProgressView.h; sourceTree = "<group>"; };
		959327ED1F30A6AC003FE266 /* CircleProgressView.swift */ = {isa = PBXFileReference; fileEncoding = 4; lastKnownFileType = sourcecode.swift; path = CircleProgressView.swift; sourceTree = "<group>"; };
		959327F01F30ADAC003FE266 /* 康熙字典體(Demo).ttf */ = {isa = PBXFileReference; lastKnownFileType = file; path = "康熙字典體(Demo).ttf"; sourceTree = "<group>"; };
		95C11F3A1EAF6DF600F94B4A /* GuideViewController.swift */ = {isa = PBXFileReference; fileEncoding = 4; lastKnownFileType = sourcecode.swift; path = GuideViewController.swift; sourceTree = "<group>"; };
		95FC56E51F2E211F00DBF151 /* gamemViewController.swift */ = {isa = PBXFileReference; fileEncoding = 4; lastKnownFileType = sourcecode.swift; path = gamemViewController.swift; sourceTree = "<group>"; };
		95FC56E71F2E2C9800DBF151 /* gameLeadViewController.swift */ = {isa = PBXFileReference; fileEncoding = 4; lastKnownFileType = sourcecode.swift; path = gameLeadViewController.swift; sourceTree = "<group>"; };
		95FC56E91F2EDA1C00DBF151 /* Match.swift */ = {isa = PBXFileReference; fileEncoding = 4; lastKnownFileType = sourcecode.swift; path = Match.swift; sourceTree = "<group>"; };
		95FC56EB1F2EDD3900DBF151 /* GameCenterMatch.swift */ = {isa = PBXFileReference; fileEncoding = 4; lastKnownFileType = sourcecode.swift; path = GameCenterMatch.swift; sourceTree = "<group>"; };
		95FC56ED1F2F04B300DBF151 /* Extensions.swift */ = {isa = PBXFileReference; fileEncoding = 4; lastKnownFileType = sourcecode.swift; path = Extensions.swift; sourceTree = "<group>"; };
		95FC56EF1F2F050F00DBF151 /* Game.swift */ = {isa = PBXFileReference; fileEncoding = 4; lastKnownFileType = sourcecode.swift; path = Game.swift; sourceTree = "<group>"; };
		95FC56F11F2F052000DBF151 /* Action.swift */ = {isa = PBXFileReference; fileEncoding = 4; lastKnownFileType = sourcecode.swift; path = Action.swift; sourceTree = "<group>"; };
		95FC56F31F2F052A00DBF151 /* Player.swift */ = {isa = PBXFileReference; fileEncoding = 4; lastKnownFileType = sourcecode.swift; path = Player.swift; sourceTree = "<group>"; };
		95FC56F61F2F057D00DBF151 /* GameSelection.swift */ = {isa = PBXFileReference; fileEncoding = 4; lastKnownFileType = sourcecode.swift; path = GameSelection.swift; sourceTree = "<group>"; };
		95FC56F81F2F077A00DBF151 /* LocalMatch.swift */ = {isa = PBXFileReference; fileEncoding = 4; lastKnownFileType = sourcecode.swift; path = LocalMatch.swift; sourceTree = "<group>"; };
		9C366B4E3BBFE73DC23E5A5F /* Pods-诵诗.debug.xcconfig */ = {isa = PBXFileReference; includeInIndex = 1; lastKnownFileType = text.xcconfig; name = "Pods-诵诗.debug.xcconfig"; path = "Pods/Target Support Files/Pods-诵诗/Pods-诵诗.debug.xcconfig"; sourceTree = "<group>"; };
		F77ED43EBF5F51EF55521842 /* Pods___.framework */ = {isa = PBXFileReference; explicitFileType = wrapper.framework; includeInIndex = 0; path = "Pods___.framework"; sourceTree = BUILT_PRODUCTS_DIR; };
/* End PBXFileReference section */

/* Begin PBXFrameworksBuildPhase section */
		0409EEE21E854E7F00DB2596 /* Frameworks */ = {
			isa = PBXFrameworksBuildPhase;
			buildActionMask = 2147483647;
			files = (
				956453261F2DCF9D00E294EB /* GameKit.framework in Frameworks */,
				04B512741EA7024900E986A0 /* libsqlite3.tbd in Frameworks */,
				04B512721EA7004B00E986A0 /* libsqlite3.0.tbd in Frameworks */,
				E46DFBCB315474D6B86DB3C0 /* Pods___.framework in Frameworks */,
			);
			runOnlyForDeploymentPostprocessing = 0;
		};
/* End PBXFrameworksBuildPhase section */

/* Begin PBXGroup section */
		0409EEDC1E854E7F00DB2596 = {
			isa = PBXGroup;
			children = (
				0409EEE71E854E7F00DB2596 /* 诵诗 */,
				0409EEE61E854E7F00DB2596 /* Products */,
				04B512701EA7004B00E986A0 /* Frameworks */,
				E56C42C71FB9A9E087EC5263 /* Pods */,
			);
			sourceTree = "<group>";
		};
		0409EEE61E854E7F00DB2596 /* Products */ = {
			isa = PBXGroup;
			children = (
				0409EEE51E854E7F00DB2596 /* 诵诗.app */,
			);
			name = Products;
			sourceTree = "<group>";
		};
		0409EEE71E854E7F00DB2596 /* 诵诗 */ = {
			isa = PBXGroup;
			children = (
				956453241F2DCF9600E294EB /* 诵诗.entitlements */,
				188AFBD71EB39AB800A4DD94 /* singleViewController.swift */,
				188AFBC11EB3954A00A4DD94 /* Assets.xcassets */,
				95C11F3A1EAF6DF600F94B4A /* GuideViewController.swift */,
				04B5127A1EA7122400E986A0 /* Resource */,
				0409EEE81E854E7F00DB2596 /* AppDelegate.swift */,
				0409EEFA1E854E9800DB2596 /* LevelsViewController.swift */,
				04D1716A1F2DA29E0050CD92 /* secondView.swift */,
				0409EEEA1E854E7F00DB2596 /* ViewController.swift */,
				0409EEEC1E854E7F00DB2596 /* Main.storyboard */,
				0477BFC41EA8941F009B7B25 /* explainViewController.swift */,
				95FC56F51F2F053A00DBF151 /* gamePart */,
				0409EF0F1E854F6000DB2596 /* source */,
				0409EEF11E854E7F00DB2596 /* LaunchScreen.storyboard */,
				0409EEF41E854E7F00DB2596 /* Info.plist */,
				1821FBC71EAC8C24003478FF /* SQLiteBridge.h */,
				04D171621F2B75B20050CD92 /* entranceViewController.swift */,
			);
			path = "诵诗";
			sourceTree = "<group>";
		};
		0409EF0F1E854F6000DB2596 /* source */ = {
			isa = PBXGroup;
			children = (
				04D171641F2C5AFB0050CD92 /* 向左.png */,
				04D171651F2C5AFB0050CD92 /* 向右.png */,
				04D1715E1F2B6A580050CD92 /* point.png */,
				04D1715C1F2B6A0E0050CD92 /* noPoint.png */,
				04D1715A1F2B691C0050CD92 /* 帘子右.png */,
				04D171581F2B67CE0050CD92 /* 印章.png */,
				18786E111EB200C100351C3C /* BGView1.png */,
				04D171521F2B65850050CD92 /* 帘子左.png */,
				0477BFE61EB1C8BE009B7B25 /* 未解锁.png */,
				1811E6111EAF856F000080B6 /* 返回主界面选中.png */,
				1811E6121EAF856F000080B6 /* 返回主界面未选中.png */,
				181B0F071EAE19090034E12B /* 译文未选中.png */,
				181B0F081EAE19090034E12B /* 译文选中.png */,
				181B0F011EAE16A90034E12B /* 全文选中.png */,
				181B0EFF1EAE13110034E12B /* 全文未选中.png */,
				04D171561F2B65C80050CD92 /* 方正苏新诗柳楷繁体.ttf */,
				0477BFCE1EAC6BB0009B7B25 /* 赏析选中.png */,
				0477BFCF1EAC6BB0009B7B25 /* 赏析未选中.png */,
				04B512261EA6609500E986A0 /* 二.png */,
				959327F01F30ADAC003FE266 /* 康熙字典體(Demo).ttf */,
				04B512271EA6609500E986A0 /* 一.png */,
				0409EF4A1E854F8200DB2596 /* 康熙字典體(Demo).ttf */,
				04B2FF6E1E8917C200753E38 /* BG.png */,
				0409EF111E854F6000DB2596 /* 冬.png */,
				0409EF121E854F6000DB2596 /* 冬至.png */,
				0409EF131E854F6000DB2596 /* 处暑.png */,
				0409EF141E854F6000DB2596 /* 夏.png */,
				0409EF151E854F6000DB2596 /* 夏至.png */,
				0409EF161E854F6000DB2596 /* 大寒.png */,
				0409EF171E854F6000DB2596 /* 大暑.png */,
				0409EF181E854F6000DB2596 /* 大雪.png */,
				0409EF191E854F6000DB2596 /* 寒露.png */,
				0409EF1A1E854F6000DB2596 /* 小寒.png */,
				0409EF1B1E854F6000DB2596 /* 小暑.png */,
				0409EF1C1E854F6000DB2596 /* 小满.png */,
				0409EF1D1E854F6000DB2596 /* 小雪.png */,
				0409EF1E1E854F6000DB2596 /* 惊蛰.png */,
				0409EF1F1E854F6000DB2596 /* 春.png */,
				0409EF201E854F6000DB2596 /* 春分.png */,
				0409EF211E854F6000DB2596 /* 清明.png */,
				0409EF221E854F6000DB2596 /* 白露.png */,
				0409EF231E854F6000DB2596 /* 秋.png */,
				0409EF241E854F6000DB2596 /* 秋分.png */,
				0409EF251E854F6000DB2596 /* 立冬.png */,
				0409EF261E854F6000DB2596 /* 立夏.png */,
				0409EF271E854F6000DB2596 /* 立春.png */,
				0409EF281E854F6000DB2596 /* 立秋.png */,
				0409EF291E854F6000DB2596 /* 芒种.png */,
				0409EF2A1E854F6000DB2596 /* 谷雨.png */,
				0409EF2B1E854F6000DB2596 /* 雨水.png */,
				0409EF2C1E854F6000DB2596 /* 霜降.png */,
			);
			path = source;
			sourceTree = "<group>";
		};
		04B512701EA7004B00E986A0 /* Frameworks */ = {
			isa = PBXGroup;
			children = (
				956453251F2DCF9D00E294EB /* GameKit.framework */,
				04B512731EA7024900E986A0 /* libsqlite3.tbd */,
				04B512711EA7004B00E986A0 /* libsqlite3.0.tbd */,
				F77ED43EBF5F51EF55521842 /* Pods___.framework */,
			);
			name = Frameworks;
			sourceTree = "<group>";
		};
		04B5127A1EA7122400E986A0 /* Resource */ = {
			isa = PBXGroup;
			children = (
				188AFBD91EB39AD400A4DD94 /* PBG1.png */,
				188AFBDA1EB39AD400A4DD94 /* PBG2.png */,
				188AFBDB1EB39AD400A4DD94 /* PBG3.png */,
				188AFBDC1EB39AD400A4DD94 /* PBG4.png */,
				188AFBDD1EB39AD400A4DD94 /* PBG5.png */,
				188AFBDE1EB39AD400A4DD94 /* PBG6.png */,
				188AFBDF1EB39AD400A4DD94 /* PBG7.png */,
				188AFBE01EB39AD400A4DD94 /* PBG8.png */,
				188AFBE11EB39AD500A4DD94 /* PBG9.png */,
				188AFBE21EB39AD500A4DD94 /* PBG10.png */,
				188AFBE31EB39AD500A4DD94 /* PBG11.png */,
				188AFBE41EB39AD500A4DD94 /* PBG12.png */,
				188AFBE51EB39AD500A4DD94 /* PBG13.png */,
				188AFBE61EB39AD500A4DD94 /* PBG14.png */,
				188AFBE71EB39AD500A4DD94 /* PBG15.png */,
				188AFBE81EB39AD500A4DD94 /* PBG16.png */,
				188AFBE91EB39AD500A4DD94 /* PBG17.png */,
				188AFBEA1EB39AD500A4DD94 /* PBG18.png */,
				188AFBD51EB397AA00A4DD94 /* 启动页1x.png */,
				188AFBCD1EB3976400A4DD94 /* 启动页retina4.png */,
				188AFBCE1EB3976400A4DD94 /* 启动页4.7.png */,
				188AFBCF1EB3976400A4DD94 /* 启动页2x.png */,
				188AFBD01EB3976400A4DD94 /* 启动页5.5.png */,
				188AFBC31EB3955D00A4DD94 /* icon2-58.png */,
				188AFBC41EB3955D00A4DD94 /* icon2-87.png */,
				188AFBC51EB3955D00A4DD94 /* icon2-80.png */,
				188AFBC61EB3955D00A4DD94 /* icon2-120.png */,
				188AFBC71EB3955D00A4DD94 /* icon2-180.png */,
				18786E131EB20D6400351C3C /* poemsentence.db */,
				1811E6161EB0AD9B000080B6 /* 引导页5.png */,
				1811E6171EB0AD9B000080B6 /* 引导页4.png */,
				1811E6181EB0AD9B000080B6 /* 引导页3.png */,
				1811E6191EB0AD9B000080B6 /* 引导页1.png */,
				1811E61A1EB0AD9B000080B6 /* 引导页2.png */,
				1811E60B1EAF808D000080B6 /* 正确.png */,
				1811E60C1EAF808D000080B6 /* 错误.png */,
				1811E60D1EAF808D000080B6 /* 检验.png */,
				181D1AFA1EADB4A600D806FD /* 按诵印章.png */,
				181D1AFB1EADB4A600D806FD /* 诵印章.png */,
				181D1AF61EAD9E4400D806FD /* 方正清刻本悦宋简体.ttf */,
			);
			path = Resource;
			sourceTree = "<group>";
		};
		959327E91F30A6AC003FE266 /* ProgressView */ = {
			isa = PBXGroup;
			children = (
				959327EA1F30A6AC003FE266 /* CircleProgressView-Bridging-Header.h */,
				959327EB1F30A6AC003FE266 /* CircleProgressView.h */,
				959327ED1F30A6AC003FE266 /* CircleProgressView.swift */,
			);
			path = ProgressView;
			sourceTree = "<group>";
		};
		95FC56F51F2F053A00DBF151 /* gamePart */ = {
			isa = PBXGroup;
			children = (
				959327E91F30A6AC003FE266 /* ProgressView */,
				95FC56F81F2F077A00DBF151 /* LocalMatch.swift */,
				95FC56E91F2EDA1C00DBF151 /* Match.swift */,
				95FC56F11F2F052000DBF151 /* Action.swift */,
				95FC56F31F2F052A00DBF151 /* Player.swift */,
				95FC56F61F2F057D00DBF151 /* GameSelection.swift */,
				95FC56E71F2E2C9800DBF151 /* gameLeadViewController.swift */,
				95FC56EB1F2EDD3900DBF151 /* GameCenterMatch.swift */,
				95FC56ED1F2F04B300DBF151 /* Extensions.swift */,
				95FC56E51F2E211F00DBF151 /* gamemViewController.swift */,
				95FC56EF1F2F050F00DBF151 /* Game.swift */,
			);
			name = gamePart;
			sourceTree = "<group>";
		};
		E56C42C71FB9A9E087EC5263 /* Pods */ = {
			isa = PBXGroup;
			children = (
				9C366B4E3BBFE73DC23E5A5F /* Pods-诵诗.debug.xcconfig */,
				7B63F10DABCA5DF68A60B27C /* Pods-诵诗.release.xcconfig */,
			);
			name = Pods;
			sourceTree = "<group>";
		};
/* End PBXGroup section */

/* Begin PBXNativeTarget section */
		0409EEE41E854E7F00DB2596 /* 诵诗 */ = {
			isa = PBXNativeTarget;
			buildConfigurationList = 0409EEF71E854E7F00DB2596 /* Build configuration list for PBXNativeTarget "诵诗" */;
			buildPhases = (
				81C0A744C63492B4F4F66CAB /* [CP] Check Pods Manifest.lock */,
				0409EEE11E854E7F00DB2596 /* Sources */,
				0409EEE21E854E7F00DB2596 /* Frameworks */,
				0409EEE31E854E7F00DB2596 /* Resources */,
				294862B72142633104D69113 /* [CP] Embed Pods Frameworks */,
				5AE4BD72C74B4DF227BDE820 /* [CP] Copy Pods Resources */,
			);
			buildRules = (
			);
			dependencies = (
			);
			name = "诵诗";
			productName = "诵诗";
			productReference = 0409EEE51E854E7F00DB2596 /* 诵诗.app */;
			productType = "com.apple.product-type.application";
		};
/* End PBXNativeTarget section */

/* Begin PBXProject section */
		0409EEDD1E854E7F00DB2596 /* Project object */ = {
			isa = PBXProject;
			attributes = {
				LastSwiftUpdateCheck = 0820;
				LastUpgradeCheck = 0820;
				ORGANIZATIONNAME = mac;
				TargetAttributes = {
					0409EEE41E854E7F00DB2596 = {
						CreatedOnToolsVersion = 8.2.1;
						DevelopmentTeam = 2XYAGB2947;
						ProvisioningStyle = Automatic;
						SystemCapabilities = {
							com.apple.GameCenter = {
								enabled = 1;
							};
							com.apple.iCloud = {
								enabled = 0;
							};
						};
					};
				};
			};
			buildConfigurationList = 0409EEE01E854E7F00DB2596 /* Build configuration list for PBXProject "诵诗" */;
			compatibilityVersion = "Xcode 3.2";
			developmentRegion = English;
			hasScannedForEncodings = 0;
			knownRegions = (
				en,
				Base,
			);
			mainGroup = 0409EEDC1E854E7F00DB2596;
			productRefGroup = 0409EEE61E854E7F00DB2596 /* Products */;
			projectDirPath = "";
			projectRoot = "";
			targets = (
				0409EEE41E854E7F00DB2596 /* 诵诗 */,
			);
		};
/* End PBXProject section */

/* Begin PBXResourcesBuildPhase section */
		0409EEE31E854E7F00DB2596 /* Resources */ = {
			isa = PBXResourcesBuildPhase;
			buildActionMask = 2147483647;
			files = (
				04D171531F2B65850050CD92 /* 帘子左.png in Resources */,
				04D171571F2B65C80050CD92 /* 方正苏新诗柳楷繁体.ttf in Resources */,
				188AFBFC1EB39AD500A4DD94 /* PBG18.png in Resources */,
				1811E60E1EAF808D000080B6 /* 正确.png in Resources */,
				188AFBEB1EB39AD500A4DD94 /* PBG1.png in Resources */,
				0409EF4B1E854F8200DB2596 /* 康熙字典體(Demo).ttf in Resources */,
				0409EF471E854F6100DB2596 /* 谷雨.png in Resources */,
				188AFBEE1EB39AD500A4DD94 /* PBG4.png in Resources */,
				188AFBF01EB39AD500A4DD94 /* PBG6.png in Resources */,
				0409EF3D1E854F6100DB2596 /* 春分.png in Resources */,
				0409EF491E854F6100DB2596 /* 霜降.png in Resources */,
				188AFBD41EB3976400A4DD94 /* 启动页5.5.png in Resources */,
				188AFBD21EB3976400A4DD94 /* 启动页4.7.png in Resources */,
				188AFBF81EB39AD500A4DD94 /* PBG14.png in Resources */,
				188AFBEF1EB39AD500A4DD94 /* PBG5.png in Resources */,
				188AFBFA1EB39AD500A4DD94 /* PBG16.png in Resources */,
				188AFBFB1EB39AD500A4DD94 /* PBG17.png in Resources */,
				0409EF361E854F6100DB2596 /* 寒露.png in Resources */,
				04B2FF6F1E8917C200753E38 /* BG.png in Resources */,
				181B0F0A1EAE19090034E12B /* 译文选中.png in Resources */,
				1811E6201EB0AD9B000080B6 /* 引导页2.png in Resources */,
				0409EF331E854F6100DB2596 /* 大寒.png in Resources */,
				188AFBC81EB3955D00A4DD94 /* icon2-58.png in Resources */,
				0409EF2F1E854F6100DB2596 /* 冬至.png in Resources */,
				0409EEF31E854E7F00DB2596 /* LaunchScreen.storyboard in Resources */,
				181D1AFC1EADB4A600D806FD /* 按诵印章.png in Resources */,
				188AFBCA1EB3955D00A4DD94 /* icon2-80.png in Resources */,
				188AFBD61EB397AA00A4DD94 /* 启动页1x.png in Resources */,
				0409EF3C1E854F6100DB2596 /* 春.png in Resources */,
				1811E60F1EAF808D000080B6 /* 错误.png in Resources */,
				0409EF401E854F6100DB2596 /* 秋.png in Resources */,
				188AFBF71EB39AD500A4DD94 /* PBG13.png in Resources */,
				188AFBF51EB39AD500A4DD94 /* PBG11.png in Resources */,
				188AFBC21EB3954A00A4DD94 /* Assets.xcassets in Resources */,
				188AFBCC1EB3955D00A4DD94 /* icon2-180.png in Resources */,
				188AFBF21EB39AD500A4DD94 /* PBG8.png in Resources */,
				0409EF3E1E854F6100DB2596 /* 清明.png in Resources */,
				188AFBF31EB39AD500A4DD94 /* PBG9.png in Resources */,
				04B512281EA6609500E986A0 /* 二.png in Resources */,
				0409EF381E854F6100DB2596 /* 小暑.png in Resources */,
				188AFBF91EB39AD500A4DD94 /* PBG15.png in Resources */,
				0409EF441E854F6100DB2596 /* 立春.png in Resources */,
				1811E61D1EB0AD9B000080B6 /* 引导页4.png in Resources */,
				04B512291EA6609500E986A0 /* 一.png in Resources */,
				188AFBF11EB39AD500A4DD94 /* PBG7.png in Resources */,
				181B0F091EAE19090034E12B /* 译文未选中.png in Resources */,
				18786E121EB200C100351C3C /* BGView1.png in Resources */,
				04D171591F2B67CE0050CD92 /* 印章.png in Resources */,
				1811E61F1EB0AD9B000080B6 /* 引导页1.png in Resources */,
				0409EF3B1E854F6100DB2596 /* 惊蛰.png in Resources */,
				0409EF371E854F6100DB2596 /* 小寒.png in Resources */,
				04D1715D1F2B6A0E0050CD92 /* noPoint.png in Resources */,
				188AFBF61EB39AD500A4DD94 /* PBG12.png in Resources */,
				04D171671F2C5AFC0050CD92 /* 向右.png in Resources */,
				188AFBF41EB39AD500A4DD94 /* PBG10.png in Resources */,
				04D1715F1F2B6A580050CD92 /* point.png in Resources */,
				1811E6101EAF808D000080B6 /* 检验.png in Resources */,
				0409EF431E854F6100DB2596 /* 立夏.png in Resources */,
				188AFBED1EB39AD500A4DD94 /* PBG3.png in Resources */,
				188AFBCB1EB3955D00A4DD94 /* icon2-120.png in Resources */,
				0409EEEE1E854E7F00DB2596 /* Main.storyboard in Resources */,
				18786E141EB20D6400351C3C /* poemsentence.db in Resources */,
				181D1AF71EAD9E4400D806FD /* 方正清刻本悦宋简体.ttf in Resources */,
				0477BFD11EAC6BB0009B7B25 /* 赏析未选中.png in Resources */,
				0409EF391E854F6100DB2596 /* 小满.png in Resources */,
				0409EF421E854F6100DB2596 /* 立冬.png in Resources */,
				0409EF351E854F6100DB2596 /* 大雪.png in Resources */,
				188AFBEC1EB39AD500A4DD94 /* PBG2.png in Resources */,
				1811E61C1EB0AD9B000080B6 /* 引导页5.png in Resources */,
				0409EF451E854F6100DB2596 /* 立秋.png in Resources */,
				1811E61E1EB0AD9B000080B6 /* 引导页3.png in Resources */,
				188AFBD11EB3976400A4DD94 /* 启动页retina4.png in Resources */,
				0409EF3A1E854F6100DB2596 /* 小雪.png in Resources */,
				181B0F001EAE13110034E12B /* 全文未选中.png in Resources */,
				1811E6141EAF856F000080B6 /* 返回主界面未选中.png in Resources */,
				0409EF3F1E854F6100DB2596 /* 白露.png in Resources */,
				181B0F021EAE16A90034E12B /* 全文选中.png in Resources */,
				0409EF411E854F6100DB2596 /* 秋分.png in Resources */,
				0409EF2E1E854F6100DB2596 /* 冬.png in Resources */,
				04D1715B1F2B691C0050CD92 /* 帘子右.png in Resources */,
				0477BFD01EAC6BB0009B7B25 /* 赏析选中.png in Resources */,
				04D171661F2C5AFB0050CD92 /* 向左.png in Resources */,
				0409EF341E854F6100DB2596 /* 大暑.png in Resources */,
				0409EF321E854F6100DB2596 /* 夏至.png in Resources */,
				188AFBC91EB3955D00A4DD94 /* icon2-87.png in Resources */,
				0409EF301E854F6100DB2596 /* 处暑.png in Resources */,
				0409EF461E854F6100DB2596 /* 芒种.png in Resources */,
				0409EF481E854F6100DB2596 /* 雨水.png in Resources */,
				0477BFE71EB1C8BE009B7B25 /* 未解锁.png in Resources */,
				0409EF311E854F6100DB2596 /* 夏.png in Resources */,
				188AFBD31EB3976400A4DD94 /* 启动页2x.png in Resources */,
				181D1AFD1EADB4A600D806FD /* 诵印章.png in Resources */,
				1811E6131EAF856F000080B6 /* 返回主界面选中.png in Resources */,
			);
			runOnlyForDeploymentPostprocessing = 0;
		};
/* End PBXResourcesBuildPhase section */

/* Begin PBXShellScriptBuildPhase section */
		294862B72142633104D69113 /* [CP] Embed Pods Frameworks */ = {
			isa = PBXShellScriptBuildPhase;
			buildActionMask = 2147483647;
			files = (
			);
			inputPaths = (
			);
			name = "[CP] Embed Pods Frameworks";
			outputPaths = (
			);
			runOnlyForDeploymentPostprocessing = 0;
			shellPath = /bin/sh;
			shellScript = "\"${SRCROOT}/Pods/Target Support Files/Pods-诵诗/Pods-诵诗-frameworks.sh\"\n";
			showEnvVarsInLog = 0;
		};
		5AE4BD72C74B4DF227BDE820 /* [CP] Copy Pods Resources */ = {
			isa = PBXShellScriptBuildPhase;
			buildActionMask = 2147483647;
			files = (
			);
			inputPaths = (
			);
			name = "[CP] Copy Pods Resources";
			outputPaths = (
			);
			runOnlyForDeploymentPostprocessing = 0;
			shellPath = /bin/sh;
			shellScript = "\"${SRCROOT}/Pods/Target Support Files/Pods-诵诗/Pods-诵诗-resources.sh\"\n";
			showEnvVarsInLog = 0;
		};
		81C0A744C63492B4F4F66CAB /* [CP] Check Pods Manifest.lock */ = {
			isa = PBXShellScriptBuildPhase;
			buildActionMask = 2147483647;
			files = (
			);
			inputPaths = (
			);
			name = "[CP] Check Pods Manifest.lock";
			outputPaths = (
			);
			runOnlyForDeploymentPostprocessing = 0;
			shellPath = /bin/sh;
			shellScript = "diff \"${PODS_PODFILE_DIR_PATH}/Podfile.lock\" \"${PODS_ROOT}/Manifest.lock\" > /dev/null\nif [ $? != 0 ] ; then\n    # print error to STDERR\n    echo \"error: The sandbox is not in sync with the Podfile.lock. Run 'pod install' or update your CocoaPods installation.\" >&2\n    exit 1\nfi\n";
			showEnvVarsInLog = 0;
		};
/* End PBXShellScriptBuildPhase section */

/* Begin PBXSourcesBuildPhase section */
		0409EEE11E854E7F00DB2596 /* Sources */ = {
			isa = PBXSourcesBuildPhase;
			buildActionMask = 2147483647;
			files = (
				95FC56E81F2E2C9800DBF151 /* gameLeadViewController.swift in Sources */,
				0477BFC51EA8941F009B7B25 /* explainViewController.swift in Sources */,
				0409EEFB1E854E9800DB2596 /* LevelsViewController.swift in Sources */,
				04D1716B1F2DA29E0050CD92 /* secondView.swift in Sources */,
				95FC56F41F2F052A00DBF151 /* Player.swift in Sources */,
				188AFBD81EB39AB800A4DD94 /* singleViewController.swift in Sources */,
				95FC56E61F2E211F00DBF151 /* gamemViewController.swift in Sources */,
				95FC56F71F2F057D00DBF151 /* GameSelection.swift in Sources */,
				04D171631F2B75B20050CD92 /* entranceViewController.swift in Sources */,
				0409EEEB1E854E7F00DB2596 /* ViewController.swift in Sources */,
				95FC56EE1F2F04B300DBF151 /* Extensions.swift in Sources */,
				95FC56F01F2F050F00DBF151 /* Game.swift in Sources */,
				95FC56EC1F2EDD3900DBF151 /* GameCenterMatch.swift in Sources */,
				95FC56F91F2F077A00DBF151 /* LocalMatch.swift in Sources */,
				95FC56EA1F2EDA1C00DBF151 /* Match.swift in Sources */,
				0409EEE91E854E7F00DB2596 /* AppDelegate.swift in Sources */,
				959327EF1F30A6AC003FE266 /* CircleProgressView.swift in Sources */,
				95FC56F21F2F052000DBF151 /* Action.swift in Sources */,
				95C11F3B1EAF6DF600F94B4A /* GuideViewController.swift in Sources */,
			);
			runOnlyForDeploymentPostprocessing = 0;
		};
/* End PBXSourcesBuildPhase section */

/* Begin PBXVariantGroup section */
		0409EEEC1E854E7F00DB2596 /* Main.storyboard */ = {
			isa = PBXVariantGroup;
			children = (
				0409EEED1E854E7F00DB2596 /* Base */,
			);
			name = Main.storyboard;
			sourceTree = "<group>";
		};
		0409EEF11E854E7F00DB2596 /* LaunchScreen.storyboard */ = {
			isa = PBXVariantGroup;
			children = (
				0409EEF21E854E7F00DB2596 /* Base */,
			);
			name = LaunchScreen.storyboard;
			sourceTree = "<group>";
		};
/* End PBXVariantGroup section */

/* Begin XCBuildConfiguration section */
		0409EEF51E854E7F00DB2596 /* Debug */ = {
			isa = XCBuildConfiguration;
			buildSettings = {
				ALWAYS_SEARCH_USER_PATHS = NO;
				CLANG_ANALYZER_NONNULL = YES;
				CLANG_CXX_LANGUAGE_STANDARD = "gnu++0x";
				CLANG_CXX_LIBRARY = "libc++";
				CLANG_ENABLE_MODULES = YES;
				CLANG_ENABLE_OBJC_ARC = YES;
				CLANG_WARN_BOOL_CONVERSION = YES;
				CLANG_WARN_CONSTANT_CONVERSION = YES;
				CLANG_WARN_DIRECT_OBJC_ISA_USAGE = YES_ERROR;
				CLANG_WARN_DOCUMENTATION_COMMENTS = YES;
				CLANG_WARN_EMPTY_BODY = YES;
				CLANG_WARN_ENUM_CONVERSION = YES;
				CLANG_WARN_INFINITE_RECURSION = YES;
				CLANG_WARN_INT_CONVERSION = YES;
				CLANG_WARN_OBJC_ROOT_CLASS = YES_ERROR;
				CLANG_WARN_SUSPICIOUS_MOVE = YES;
				CLANG_WARN_UNREACHABLE_CODE = YES;
				CLANG_WARN__DUPLICATE_METHOD_MATCH = YES;
				"CODE_SIGN_IDENTITY[sdk=iphoneos*]" = "iPhone Developer";
				COPY_PHASE_STRIP = NO;
				DEBUG_INFORMATION_FORMAT = dwarf;
				ENABLE_STRICT_OBJC_MSGSEND = YES;
				ENABLE_TESTABILITY = YES;
				GCC_C_LANGUAGE_STANDARD = gnu99;
				GCC_DYNAMIC_NO_PIC = NO;
				GCC_NO_COMMON_BLOCKS = YES;
				GCC_OPTIMIZATION_LEVEL = 0;
				GCC_PREPROCESSOR_DEFINITIONS = (
					"DEBUG=1",
					"$(inherited)",
				);
				GCC_WARN_64_TO_32_BIT_CONVERSION = YES;
				GCC_WARN_ABOUT_RETURN_TYPE = YES_ERROR;
				GCC_WARN_UNDECLARED_SELECTOR = YES;
				GCC_WARN_UNINITIALIZED_AUTOS = YES_AGGRESSIVE;
				GCC_WARN_UNUSED_FUNCTION = YES;
				GCC_WARN_UNUSED_VARIABLE = YES;
				IPHONEOS_DEPLOYMENT_TARGET = 10.2;
				MTL_ENABLE_DEBUG_INFO = YES;
				ONLY_ACTIVE_ARCH = YES;
				SDKROOT = iphoneos;
				SWIFT_ACTIVE_COMPILATION_CONDITIONS = DEBUG;
				SWIFT_OPTIMIZATION_LEVEL = "-Onone";
			};
			name = Debug;
		};
		0409EEF61E854E7F00DB2596 /* Release */ = {
			isa = XCBuildConfiguration;
			buildSettings = {
				ALWAYS_SEARCH_USER_PATHS = NO;
				CLANG_ANALYZER_NONNULL = YES;
				CLANG_CXX_LANGUAGE_STANDARD = "gnu++0x";
				CLANG_CXX_LIBRARY = "libc++";
				CLANG_ENABLE_MODULES = YES;
				CLANG_ENABLE_OBJC_ARC = YES;
				CLANG_WARN_BOOL_CONVERSION = YES;
				CLANG_WARN_CONSTANT_CONVERSION = YES;
				CLANG_WARN_DIRECT_OBJC_ISA_USAGE = YES_ERROR;
				CLANG_WARN_DOCUMENTATION_COMMENTS = YES;
				CLANG_WARN_EMPTY_BODY = YES;
				CLANG_WARN_ENUM_CONVERSION = YES;
				CLANG_WARN_INFINITE_RECURSION = YES;
				CLANG_WARN_INT_CONVERSION = YES;
				CLANG_WARN_OBJC_ROOT_CLASS = YES_ERROR;
				CLANG_WARN_SUSPICIOUS_MOVE = YES;
				CLANG_WARN_UNREACHABLE_CODE = YES;
				CLANG_WARN__DUPLICATE_METHOD_MATCH = YES;
				"CODE_SIGN_IDENTITY[sdk=iphoneos*]" = "iPhone Developer";
				COPY_PHASE_STRIP = NO;
				DEBUG_INFORMATION_FORMAT = "dwarf-with-dsym";
				ENABLE_NS_ASSERTIONS = NO;
				ENABLE_STRICT_OBJC_MSGSEND = YES;
				GCC_C_LANGUAGE_STANDARD = gnu99;
				GCC_NO_COMMON_BLOCKS = YES;
				GCC_WARN_64_TO_32_BIT_CONVERSION = YES;
				GCC_WARN_ABOUT_RETURN_TYPE = YES_ERROR;
				GCC_WARN_UNDECLARED_SELECTOR = YES;
				GCC_WARN_UNINITIALIZED_AUTOS = YES_AGGRESSIVE;
				GCC_WARN_UNUSED_FUNCTION = YES;
				GCC_WARN_UNUSED_VARIABLE = YES;
				IPHONEOS_DEPLOYMENT_TARGET = 10.2;
				MTL_ENABLE_DEBUG_INFO = NO;
				SDKROOT = iphoneos;
				SWIFT_OPTIMIZATION_LEVEL = "-Owholemodule";
				VALIDATE_PRODUCT = YES;
			};
			name = Release;
		};
		0409EEF81E854E7F00DB2596 /* Debug */ = {
			isa = XCBuildConfiguration;
			baseConfigurationReference = 9C366B4E3BBFE73DC23E5A5F /* Pods-诵诗.debug.xcconfig */;
			buildSettings = {
				ASSETCATALOG_COMPILER_APPICON_NAME = AppIcon;
				DEVELOPMENT_TEAM = 2XYAGB2947;
				FRAMEWORK_SEARCH_PATHS = (
					"$(inherited)",
					"$(PROJECT_DIR)",
				);
				INFOPLIST_FILE = "诵诗/Info.plist";
				IPHONEOS_DEPLOYMENT_TARGET = 10.1;
				LD_RUNPATH_SEARCH_PATHS = "$(inherited) @executable_path/Frameworks";
				PRODUCT_BUNDLE_IDENTIFIER = com.tac.songshi;
				PRODUCT_NAME = "$(TARGET_NAME)";
				SWIFT_DISABLE_SAFETY_CHECKS = NO;
				SWIFT_OBJC_BRIDGING_HEADER = SQLiteBridge.h;
				SWIFT_VERSION = 3.0;
				TARGETED_DEVICE_FAMILY = "1,2";
			};
			name = Debug;
		};
		0409EEF91E854E7F00DB2596 /* Release */ = {
			isa = XCBuildConfiguration;
			baseConfigurationReference = 7B63F10DABCA5DF68A60B27C /* Pods-诵诗.release.xcconfig */;
			buildSettings = {
				ASSETCATALOG_COMPILER_APPICON_NAME = AppIcon;
				DEVELOPMENT_TEAM = 2XYAGB2947;
				FRAMEWORK_SEARCH_PATHS = (
					"$(inherited)",
					"$(PROJECT_DIR)",
				);
				INFOPLIST_FILE = "诵诗/Info.plist";
				IPHONEOS_DEPLOYMENT_TARGET = 10.1;
				LD_RUNPATH_SEARCH_PATHS = "$(inherited) @executable_path/Frameworks";
				PRODUCT_BUNDLE_IDENTIFIER = com.tac.songshi;
				PRODUCT_NAME = "$(TARGET_NAME)";
				SWIFT_DISABLE_SAFETY_CHECKS = NO;
				SWIFT_OBJC_BRIDGING_HEADER = SQLiteBridge.h;
				SWIFT_VERSION = 3.0;
				TARGETED_DEVICE_FAMILY = "1,2";
			};
			name = Release;
		};
/* End XCBuildConfiguration section */

/* Begin XCConfigurationList section */
		0409EEE01E854E7F00DB2596 /* Build configuration list for PBXProject "诵诗" */ = {
			isa = XCConfigurationList;
			buildConfigurations = (
				0409EEF51E854E7F00DB2596 /* Debug */,
				0409EEF61E854E7F00DB2596 /* Release */,
			);
			defaultConfigurationIsVisible = 0;
			defaultConfigurationName = Release;
		};
		0409EEF71E854E7F00DB2596 /* Build configuration list for PBXNativeTarget "诵诗" */ = {
			isa = XCConfigurationList;
			buildConfigurations = (
				0409EEF81E854E7F00DB2596 /* Debug */,
				0409EEF91E854E7F00DB2596 /* Release */,
			);
			defaultConfigurationIsVisible = 0;
			defaultConfigurationName = Release;
		};
/* End XCConfigurationList section */
	};
	rootObject = 0409EEDD1E854E7F00DB2596 /* Project object */;
}
